// !$*UTF8*$!
{
	archiveVersion = 1;
	classes = {
	};
	objectVersion = 50;
	objects = {

/* Begin PBXBuildFile section */
		061060692FFE63B3BCE871C8 /* Pods_FourSquareUITests.framework in Frameworks */ = {isa = PBXBuildFile; fileRef = 82731987F7CD0AA60C6ED51A /* Pods_FourSquareUITests.framework */; };
		5009869D22A05EB00029AA13 /* HeaderView.swift in Sources */ = {isa = PBXBuildFile; fileRef = 5009869C22A05EB00029AA13 /* HeaderView.swift */; };
		5009869F22A11B980029AA13 /* VenueUITableHeaderView.swift in Sources */ = {isa = PBXBuildFile; fileRef = 5009869E22A11B980029AA13 /* VenueUITableHeaderView.swift */; };
		500986A122A11C160029AA13 /* VenueUITableHeaderView.xib in Resources */ = {isa = PBXBuildFile; fileRef = 500986A022A11C160029AA13 /* VenueUITableHeaderView.xib */; };
		500986A322A120E30029AA13 /* UIView+nib.swift in Sources */ = {isa = PBXBuildFile; fileRef = 500986A222A120E30029AA13 /* UIView+nib.swift */; };
		50195F8322B82A4400D0D319 /* DetailsRouterTests.swift in Sources */ = {isa = PBXBuildFile; fileRef = 50195F8222B82A4400D0D319 /* DetailsRouterTests.swift */; };
		50195F8522B82B5800D0D319 /* MockTipsBuilder.swift in Sources */ = {isa = PBXBuildFile; fileRef = 50195F8422B82B5800D0D319 /* MockTipsBuilder.swift */; };
		50195F8722B82E2B00D0D319 /* MockDetailsViewController.swift in Sources */ = {isa = PBXBuildFile; fileRef = 50195F8622B82E2B00D0D319 /* MockDetailsViewController.swift */; };
		50195F8922B8543200D0D319 /* DetailsPresenterTests.swift in Sources */ = {isa = PBXBuildFile; fileRef = 50195F8822B8543200D0D319 /* DetailsPresenterTests.swift */; };
		50195F8B22B8B54C00D0D319 /* DetailsInteractorTests.swift in Sources */ = {isa = PBXBuildFile; fileRef = 50195F8A22B8B54C00D0D319 /* DetailsInteractorTests.swift */; };
		50195F8E22B8B83F00D0D319 /* TipsRouterTests.swift in Sources */ = {isa = PBXBuildFile; fileRef = 50195F8D22B8B83F00D0D319 /* TipsRouterTests.swift */; };
		50195F9022B8B8E300D0D319 /* MockTipsViewController.swift in Sources */ = {isa = PBXBuildFile; fileRef = 50195F8F22B8B8E300D0D319 /* MockTipsViewController.swift */; };
		50195F9222B8BA1600D0D319 /* TipsPresenterTests.swift in Sources */ = {isa = PBXBuildFile; fileRef = 50195F9122B8BA1600D0D319 /* TipsPresenterTests.swift */; };
		5029DBE522A161C900A116EE /* UIView+Gradient.swift in Sources */ = {isa = PBXBuildFile; fileRef = 5029DBE422A161C900A116EE /* UIView+Gradient.swift */; };
		5029DBE822A417B100A116EE /* RatingUITableViewCell.swift in Sources */ = {isa = PBXBuildFile; fileRef = 5029DBE722A417B100A116EE /* RatingUITableViewCell.swift */; };
		5029DBEC22A4199500A116EE /* RatingCircleView.swift in Sources */ = {isa = PBXBuildFile; fileRef = 5029DBEB22A4199500A116EE /* RatingCircleView.swift */; };
		5029DBEE22A4461100A116EE /* FloatingPoint+Utilities.swift in Sources */ = {isa = PBXBuildFile; fileRef = 5029DBED22A4461100A116EE /* FloatingPoint+Utilities.swift */; };
		5029DBF122A4579100A116EE /* AddressTableViewCell.swift in Sources */ = {isa = PBXBuildFile; fileRef = 5029DBF022A4579100A116EE /* AddressTableViewCell.swift */; };
		5029DBF322A45B3A00A116EE /* HairlineView.swift in Sources */ = {isa = PBXBuildFile; fileRef = 5029DBF222A45B3A00A116EE /* HairlineView.swift */; };
		502C300B2249A0B700D8BD1B /* AppDelegate.swift in Sources */ = {isa = PBXBuildFile; fileRef = 502C300A2249A0B700D8BD1B /* AppDelegate.swift */; };
		502C30102249A0B700D8BD1B /* Main.storyboard in Resources */ = {isa = PBXBuildFile; fileRef = 502C300E2249A0B700D8BD1B /* Main.storyboard */; };
		502C30122249A0B800D8BD1B /* Assets.xcassets in Resources */ = {isa = PBXBuildFile; fileRef = 502C30112249A0B800D8BD1B /* Assets.xcassets */; };
		502C30152249A0B800D8BD1B /* LaunchScreen.storyboard in Resources */ = {isa = PBXBuildFile; fileRef = 502C30132249A0B800D8BD1B /* LaunchScreen.storyboard */; };
		502C302B2249A0B800D8BD1B /* FourSquareUITests.swift in Sources */ = {isa = PBXBuildFile; fileRef = 502C302A2249A0B800D8BD1B /* FourSquareUITests.swift */; };
		502C303F2249A89300D8BD1B /* MapViewController.swift in Sources */ = {isa = PBXBuildFile; fileRef = 502C303E2249A89300D8BD1B /* MapViewController.swift */; };
		502C30452249AA0B00D8BD1B /* MapPresenting.swift in Sources */ = {isa = PBXBuildFile; fileRef = 502C30442249AA0B00D8BD1B /* MapPresenting.swift */; };
		502C30472249AA3B00D8BD1B /* MapPresenter.swift in Sources */ = {isa = PBXBuildFile; fileRef = 502C30462249AA3B00D8BD1B /* MapPresenter.swift */; };
		502C30492249AA6100D8BD1B /* MapBuilding.swift in Sources */ = {isa = PBXBuildFile; fileRef = 502C30482249AA6100D8BD1B /* MapBuilding.swift */; };
		502C304C2249AAEB00D8BD1B /* FourSquareModule.swift in Sources */ = {isa = PBXBuildFile; fileRef = 502C304B2249AAEB00D8BD1B /* FourSquareModule.swift */; };
		502C304E2249AB7400D8BD1B /* MapBuilder.swift in Sources */ = {isa = PBXBuildFile; fileRef = 502C304D2249AB7400D8BD1B /* MapBuilder.swift */; };
		502C30502249ABE000D8BD1B /* MapInteracting.swift in Sources */ = {isa = PBXBuildFile; fileRef = 502C304F2249ABE000D8BD1B /* MapInteracting.swift */; };
		502C30522249AC0300D8BD1B /* MapInteractor.swift in Sources */ = {isa = PBXBuildFile; fileRef = 502C30512249AC0300D8BD1B /* MapInteractor.swift */; };
		502C30542249B10500D8BD1B /* LocationService.swift in Sources */ = {isa = PBXBuildFile; fileRef = 502C30532249B10500D8BD1B /* LocationService.swift */; };
		502CD26422B58A3600EACFFC /* UIImage+Blur.swift in Sources */ = {isa = PBXBuildFile; fileRef = 502CD26322B58A3600EACFFC /* UIImage+Blur.swift */; };
		502CD26722B6872800EACFFC /* PhotoDataSource.swift in Sources */ = {isa = PBXBuildFile; fileRef = 502CD26622B6872800EACFFC /* PhotoDataSource.swift */; };
		502CD26922B687C300EACFFC /* GalleryPhoto.swift in Sources */ = {isa = PBXBuildFile; fileRef = 502CD26822B687C300EACFFC /* GalleryPhoto.swift */; };
		502CD26B22B6886300EACFFC /* PhotoInteractionAnimator.swift in Sources */ = {isa = PBXBuildFile; fileRef = 502CD26A22B6886300EACFFC /* PhotoInteractionAnimator.swift */; };
		502CD26D22B688A600EACFFC /* PhotosOverlayView.swift in Sources */ = {isa = PBXBuildFile; fileRef = 502CD26C22B688A600EACFFC /* PhotosOverlayView.swift */; };
		502CD26F22B688EC00EACFFC /* PhotoTransitionAnimator.swift in Sources */ = {isa = PBXBuildFile; fileRef = 502CD26E22B688EC00EACFFC /* PhotoTransitionAnimator.swift */; };
		502CD27122B6890900EACFFC /* PhotosViewController.swift in Sources */ = {isa = PBXBuildFile; fileRef = 502CD27022B6890900EACFFC /* PhotosViewController.swift */; };
		502CD27322B68AA500EACFFC /* PhotoViewController.swift in Sources */ = {isa = PBXBuildFile; fileRef = 502CD27222B68AA500EACFFC /* PhotoViewController.swift */; };
		502CD27522B68B2C00EACFFC /* ScalingImageView.swift in Sources */ = {isa = PBXBuildFile; fileRef = 502CD27422B68B2C00EACFFC /* ScalingImageView.swift */; };
		502CD27722B68B8A00EACFFC /* UIVIew+PhotoViewer.swift in Sources */ = {isa = PBXBuildFile; fileRef = 502CD27622B68B8A00EACFFC /* UIVIew+PhotoViewer.swift */; };
		502CD27922B6C04800EACFFC /* Double+toDate.swift in Sources */ = {isa = PBXBuildFile; fileRef = 502CD27822B6C04800EACFFC /* Double+toDate.swift */; };
		502CD27B22B6C58A00EACFFC /* UINavigationBar+Transitions.swift in Sources */ = {isa = PBXBuildFile; fileRef = 502CD27A22B6C58A00EACFFC /* UINavigationBar+Transitions.swift */; };
		502CD27D22B6C7B800EACFFC /* UIColor+Palette.swift in Sources */ = {isa = PBXBuildFile; fileRef = 502CD27C22B6C7B800EACFFC /* UIColor+Palette.swift */; };
		502CD28022B6D48900EACFFC /* InAppNotification.swift in Sources */ = {isa = PBXBuildFile; fileRef = 502CD27F22B6D48900EACFFC /* InAppNotification.swift */; };
		502CD28222B6D4DA00EACFFC /* InAppNotifications.swift in Sources */ = {isa = PBXBuildFile; fileRef = 502CD28122B6D4DA00EACFFC /* InAppNotifications.swift */; };
		502CD28422B6D4F500EACFFC /* InAppNotificationType.swift in Sources */ = {isa = PBXBuildFile; fileRef = 502CD28322B6D4F500EACFFC /* InAppNotificationType.swift */; };
		502CD28622B6D50F00EACFFC /* DeviceManager.swift in Sources */ = {isa = PBXBuildFile; fileRef = 502CD28522B6D50F00EACFFC /* DeviceManager.swift */; };
		502CD28822B6D82500EACFFC /* Error+Util.swift in Sources */ = {isa = PBXBuildFile; fileRef = 502CD28722B6D82500EACFFC /* Error+Util.swift */; };
		502CD28A22B6E2FC00EACFFC /* NetworkRequestRetrier.swift in Sources */ = {isa = PBXBuildFile; fileRef = 502CD28922B6E2FC00EACFFC /* NetworkRequestRetrier.swift */; };
		502CD28E22B70E4300EACFFC /* MapRouterTests.swift in Sources */ = {isa = PBXBuildFile; fileRef = 502CD28D22B70E4300EACFFC /* MapRouterTests.swift */; };
		502CD29022B720E700EACFFC /* MapPresenterTests.swift in Sources */ = {isa = PBXBuildFile; fileRef = 502CD28F22B720E700EACFFC /* MapPresenterTests.swift */; };
		502CD29422B7274200EACFFC /* MockNavigationController.swift in Sources */ = {isa = PBXBuildFile; fileRef = 502CD29322B7274200EACFFC /* MockNavigationController.swift */; };
		502CD29622B7278400EACFFC /* MockDetailsBuilder.swift in Sources */ = {isa = PBXBuildFile; fileRef = 502CD29522B7278400EACFFC /* MockDetailsBuilder.swift */; };
		502CD29822B73A0400EACFFC /* MapInteractorTests.swift in Sources */ = {isa = PBXBuildFile; fileRef = 502CD29722B73A0400EACFFC /* MapInteractorTests.swift */; };
		502CD29A22B73BCE00EACFFC /* MockVenueService.swift in Sources */ = {isa = PBXBuildFile; fileRef = 502CD29922B73BCE00EACFFC /* MockVenueService.swift */; };
		502F44C32253EC2D0045C424 /* SharedContainer.swift in Sources */ = {isa = PBXBuildFile; fileRef = 502F44C22253EC2D0045C424 /* SharedContainer.swift */; };
		50327BCF22AE77A800166098 /* TipsTableViewCell.swift in Sources */ = {isa = PBXBuildFile; fileRef = 50327BCE22AE77A800166098 /* TipsTableViewCell.swift */; };
		50327BD222AE7E1400166098 /* TipTableViewCell.swift in Sources */ = {isa = PBXBuildFile; fileRef = 50327BD122AE7E1400166098 /* TipTableViewCell.swift */; };
		50327BDB22AE8DDB00166098 /* TipsPresenter.swift in Sources */ = {isa = PBXBuildFile; fileRef = 50327BD422AE8DDB00166098 /* TipsPresenter.swift */; };
		50327BDC22AE8DDB00166098 /* TipsRouter.swift in Sources */ = {isa = PBXBuildFile; fileRef = 50327BD522AE8DDB00166098 /* TipsRouter.swift */; };
		50327BDD22AE8DDB00166098 /* TipsViewController.swift in Sources */ = {isa = PBXBuildFile; fileRef = 50327BD622AE8DDB00166098 /* TipsViewController.swift */; };
		50327BDE22AE8DDB00166098 /* TipsProtocols.swift in Sources */ = {isa = PBXBuildFile; fileRef = 50327BD722AE8DDB00166098 /* TipsProtocols.swift */; };
		50327BDF22AE8DDB00166098 /* TipsBuilder.swift in Sources */ = {isa = PBXBuildFile; fileRef = 50327BD822AE8DDB00166098 /* TipsBuilder.swift */; };
		50327BE322AE906800166098 /* Tip.swift in Sources */ = {isa = PBXBuildFile; fileRef = 50327BE222AE906800166098 /* Tip.swift */; };
		50327BEC22AECD0C00166098 /* Transition.swift in Sources */ = {isa = PBXBuildFile; fileRef = 50327BEB22AECD0C00166098 /* Transition.swift */; };
		50327BEE22AED6A000166098 /* Presentable.swift in Sources */ = {isa = PBXBuildFile; fileRef = 50327BED22AED6A000166098 /* Presentable.swift */; };
		50327BF022AED6F000166098 /* UIViewController+Presentable.swift in Sources */ = {isa = PBXBuildFile; fileRef = 50327BEF22AED6F000166098 /* UIViewController+Presentable.swift */; };
		50327BF222AF186700166098 /* DetailsResponse.swift in Sources */ = {isa = PBXBuildFile; fileRef = 50327BF122AF186700166098 /* DetailsResponse.swift */; };
		50327BF622AF1A0200166098 /* FoursquareError.swift in Sources */ = {isa = PBXBuildFile; fileRef = 50327BF522AF1A0200166098 /* FoursquareError.swift */; };
		5039305F2252B273004207C0 /* MapViewable.swift in Sources */ = {isa = PBXBuildFile; fileRef = 5039305E2252B273004207C0 /* MapViewable.swift */; };
		503930642252B33D004207C0 /* Venue.swift in Sources */ = {isa = PBXBuildFile; fileRef = 503930632252B33D004207C0 /* Venue.swift */; };
		503930662252B38E004207C0 /* Contact.swift in Sources */ = {isa = PBXBuildFile; fileRef = 503930652252B38E004207C0 /* Contact.swift */; };
		503930682252B3C4004207C0 /* Location.swift in Sources */ = {isa = PBXBuildFile; fileRef = 503930672252B3C4004207C0 /* Location.swift */; };
		5039306A2252B3EF004207C0 /* Category.swift in Sources */ = {isa = PBXBuildFile; fileRef = 503930692252B3EF004207C0 /* Category.swift */; };
		5039306C2252B412004207C0 /* Delivery.swift in Sources */ = {isa = PBXBuildFile; fileRef = 5039306B2252B412004207C0 /* Delivery.swift */; };
		50415A0F2299EDCA00452037 /* DetailsPresenter.swift in Sources */ = {isa = PBXBuildFile; fileRef = 50415A082299EDCA00452037 /* DetailsPresenter.swift */; };
		50415A102299EDCA00452037 /* DetailsRouter.swift in Sources */ = {isa = PBXBuildFile; fileRef = 50415A092299EDCA00452037 /* DetailsRouter.swift */; };
		50415A112299EDCA00452037 /* DetailsViewController.swift in Sources */ = {isa = PBXBuildFile; fileRef = 50415A0A2299EDCA00452037 /* DetailsViewController.swift */; };
		50415A122299EDCA00452037 /* DetailsProtocols.swift in Sources */ = {isa = PBXBuildFile; fileRef = 50415A0B2299EDCA00452037 /* DetailsProtocols.swift */; };
		50415A132299EDCA00452037 /* DetailsBuilder.swift in Sources */ = {isa = PBXBuildFile; fileRef = 50415A0C2299EDCA00452037 /* DetailsBuilder.swift */; };
		50415A142299EDCA00452037 /* DetailsInteractor.swift in Sources */ = {isa = PBXBuildFile; fileRef = 50415A0D2299EDCA00452037 /* DetailsInteractor.swift */; };
		50415A172299EF3300452037 /* MapRoutable.swift in Sources */ = {isa = PBXBuildFile; fileRef = 50415A162299EF3300452037 /* MapRoutable.swift */; };
		50415A192299EF5E00452037 /* MapRouter.swift in Sources */ = {isa = PBXBuildFile; fileRef = 50415A182299EF5E00452037 /* MapRouter.swift */; };
		50420263228DBAC5007E6020 /* NetworkRouter.swift in Sources */ = {isa = PBXBuildFile; fileRef = 50420262228DBAC5007E6020 /* NetworkRouter.swift */; };
		50420265228E1EA8007E6020 /* SearchResponse.swift in Sources */ = {isa = PBXBuildFile; fileRef = 50420264228E1EA8007E6020 /* SearchResponse.swift */; };
		50420267228E1FA3007E6020 /* SearchResult.swift in Sources */ = {isa = PBXBuildFile; fileRef = 50420266228E1FA3007E6020 /* SearchResult.swift */; };
		504AE8312287168000F1D869 /* StoryboardInstantiateType.swift in Sources */ = {isa = PBXBuildFile; fileRef = 504AE82F2287168000F1D869 /* StoryboardInstantiateType.swift */; };
		504AE8322287168000F1D869 /* StoryboardInstantiatable.swift in Sources */ = {isa = PBXBuildFile; fileRef = 504AE8302287168000F1D869 /* StoryboardInstantiatable.swift */; };
		504AE8352287173D00F1D869 /* NSObject+Util.swift in Sources */ = {isa = PBXBuildFile; fileRef = 504AE8342287173D00F1D869 /* NSObject+Util.swift */; };
		504AE83722871CF500F1D869 /* MapViewController.storyboard in Resources */ = {isa = PBXBuildFile; fileRef = 504AE83622871CF500F1D869 /* MapViewController.storyboard */; };
		5064D885229AD33B00BDFD32 /* NavigationControlling.swift in Sources */ = {isa = PBXBuildFile; fileRef = 5064D884229AD33B00BDFD32 /* NavigationControlling.swift */; };
		5064D887229AD3E000BDFD32 /* UINavigationController+NavigationControlling.swift in Sources */ = {isa = PBXBuildFile; fileRef = 5064D886229AD3E000BDFD32 /* UINavigationController+NavigationControlling.swift */; };
		508681162291A43E0055B0A1 /* VenueAnnotation.swift in Sources */ = {isa = PBXBuildFile; fileRef = 508681152291A43D0055B0A1 /* VenueAnnotation.swift */; };
		508681182291A5200055B0A1 /* VenueAnnotationView.swift in Sources */ = {isa = PBXBuildFile; fileRef = 508681172291A5200055B0A1 /* VenueAnnotationView.swift */; };
		5086811B2291BAF80055B0A1 /* UIImage+Glyph.swift in Sources */ = {isa = PBXBuildFile; fileRef = 5086811A2291BAF80055B0A1 /* UIImage+Glyph.swift */; };
		5086811D2291CA5A0055B0A1 /* MapViewController+UICollectionView.swift in Sources */ = {isa = PBXBuildFile; fileRef = 5086811C2291CA5A0055B0A1 /* MapViewController+UICollectionView.swift */; };
		5086811F2291CBAF0055B0A1 /* VenueCollectionViewCell.swift in Sources */ = {isa = PBXBuildFile; fileRef = 5086811E2291CBAF0055B0A1 /* VenueCollectionViewCell.swift */; };
		50868152229344D40055B0A1 /* Photo.swift in Sources */ = {isa = PBXBuildFile; fileRef = 50868151229344D40055B0A1 /* Photo.swift */; };
		508DED302263847000D15882 /* VenueService.swift in Sources */ = {isa = PBXBuildFile; fileRef = 508DED2F2263847000D15882 /* VenueService.swift */; };
		50E2798522AD61B6006A0634 /* MapTableViewCell.swift in Sources */ = {isa = PBXBuildFile; fileRef = 50E2798422AD61B6006A0634 /* MapTableViewCell.swift */; };
		50E2798822AD6CF6006A0634 /* MapURLHandler.swift in Sources */ = {isa = PBXBuildFile; fileRef = 50E2798722AD6CF6006A0634 /* MapURLHandler.swift */; };
		50E2798B22AD792A006A0634 /* PhotosCollectionView.swift in Sources */ = {isa = PBXBuildFile; fileRef = 50E2798A22AD792A006A0634 /* PhotosCollectionView.swift */; };
		50E2798D22AD794F006A0634 /* PhotoCollectionViewCell.swift in Sources */ = {isa = PBXBuildFile; fileRef = 50E2798C22AD794F006A0634 /* PhotoCollectionViewCell.swift */; };
		50E2798F22AD796F006A0634 /* BaseCollectionViewLayout.swift in Sources */ = {isa = PBXBuildFile; fileRef = 50E2798E22AD796F006A0634 /* BaseCollectionViewLayout.swift */; };
		50E2799122AD7992006A0634 /* PhotoGalleryLayout.swift in Sources */ = {isa = PBXBuildFile; fileRef = 50E2799022AD7992006A0634 /* PhotoGalleryLayout.swift */; };
		50E2799322AD7A0D006A0634 /* PhotoGalleryTableViewCell.swift in Sources */ = {isa = PBXBuildFile; fileRef = 50E2799222AD7A0D006A0634 /* PhotoGalleryTableViewCell.swift */; };
		50E2799522AD8C13006A0634 /* PhotoCollectionViewCell.xib in Resources */ = {isa = PBXBuildFile; fileRef = 50E2799422AD8C13006A0634 /* PhotoCollectionViewCell.xib */; };
		7F55545EFBD8172774118852 /* Pods_FourSquare.framework in Frameworks */ = {isa = PBXBuildFile; fileRef = 3C34664C4A081DB49A22C857 /* Pods_FourSquare.framework */; };
		7FD69AF9606678D812680F17 /* Pods_FourSquareTests.framework in Frameworks */ = {isa = PBXBuildFile; fileRef = 2CADDB163AF1E1ADFA50926C /* Pods_FourSquareTests.framework */; };
/* End PBXBuildFile section */

/* Begin PBXContainerItemProxy section */
		502C301C2249A0B800D8BD1B /* PBXContainerItemProxy */ = {
			isa = PBXContainerItemProxy;
			containerPortal = 502C2FFF2249A0B700D8BD1B /* Project object */;
			proxyType = 1;
			remoteGlobalIDString = 502C30062249A0B700D8BD1B;
			remoteInfo = FourSquare;
		};
		502C30272249A0B800D8BD1B /* PBXContainerItemProxy */ = {
			isa = PBXContainerItemProxy;
			containerPortal = 502C2FFF2249A0B700D8BD1B /* Project object */;
			proxyType = 1;
			remoteGlobalIDString = 502C30062249A0B700D8BD1B;
			remoteInfo = FourSquare;
		};
/* End PBXContainerItemProxy section */

/* Begin PBXFileReference section */
		044EEB7D3B73C0395AB35F7E /* Pods-FourSquareUITests.release.xcconfig */ = {isa = PBXFileReference; includeInIndex = 1; lastKnownFileType = text.xcconfig; name = "Pods-FourSquareUITests.release.xcconfig"; path = "Pods/Target Support Files/Pods-FourSquareUITests/Pods-FourSquareUITests.release.xcconfig"; sourceTree = "<group>"; };
		2CADDB163AF1E1ADFA50926C /* Pods_FourSquareTests.framework */ = {isa = PBXFileReference; explicitFileType = wrapper.framework; includeInIndex = 0; path = Pods_FourSquareTests.framework; sourceTree = BUILT_PRODUCTS_DIR; };
		3C34664C4A081DB49A22C857 /* Pods_FourSquare.framework */ = {isa = PBXFileReference; explicitFileType = wrapper.framework; includeInIndex = 0; path = Pods_FourSquare.framework; sourceTree = BUILT_PRODUCTS_DIR; };
		5009869C22A05EB00029AA13 /* HeaderView.swift */ = {isa = PBXFileReference; lastKnownFileType = sourcecode.swift; path = HeaderView.swift; sourceTree = "<group>"; };
		5009869E22A11B980029AA13 /* VenueUITableHeaderView.swift */ = {isa = PBXFileReference; lastKnownFileType = sourcecode.swift; path = VenueUITableHeaderView.swift; sourceTree = "<group>"; };
		500986A022A11C160029AA13 /* VenueUITableHeaderView.xib */ = {isa = PBXFileReference; lastKnownFileType = file.xib; path = VenueUITableHeaderView.xib; sourceTree = "<group>"; };
		500986A222A120E30029AA13 /* UIView+nib.swift */ = {isa = PBXFileReference; lastKnownFileType = sourcecode.swift; path = "UIView+nib.swift"; sourceTree = "<group>"; };
		50195F8222B82A4400D0D319 /* DetailsRouterTests.swift */ = {isa = PBXFileReference; lastKnownFileType = sourcecode.swift; path = DetailsRouterTests.swift; sourceTree = "<group>"; };
		50195F8422B82B5800D0D319 /* MockTipsBuilder.swift */ = {isa = PBXFileReference; lastKnownFileType = sourcecode.swift; path = MockTipsBuilder.swift; sourceTree = "<group>"; };
		50195F8622B82E2B00D0D319 /* MockDetailsViewController.swift */ = {isa = PBXFileReference; lastKnownFileType = sourcecode.swift; path = MockDetailsViewController.swift; sourceTree = "<group>"; };
		50195F8822B8543200D0D319 /* DetailsPresenterTests.swift */ = {isa = PBXFileReference; lastKnownFileType = sourcecode.swift; path = DetailsPresenterTests.swift; sourceTree = "<group>"; };
		50195F8A22B8B54C00D0D319 /* DetailsInteractorTests.swift */ = {isa = PBXFileReference; lastKnownFileType = sourcecode.swift; path = DetailsInteractorTests.swift; sourceTree = "<group>"; };
		50195F8D22B8B83F00D0D319 /* TipsRouterTests.swift */ = {isa = PBXFileReference; lastKnownFileType = sourcecode.swift; path = TipsRouterTests.swift; sourceTree = "<group>"; };
		50195F8F22B8B8E300D0D319 /* MockTipsViewController.swift */ = {isa = PBXFileReference; lastKnownFileType = sourcecode.swift; path = MockTipsViewController.swift; sourceTree = "<group>"; };
		50195F9122B8BA1600D0D319 /* TipsPresenterTests.swift */ = {isa = PBXFileReference; lastKnownFileType = sourcecode.swift; path = TipsPresenterTests.swift; sourceTree = "<group>"; };
		5029DBE422A161C900A116EE /* UIView+Gradient.swift */ = {isa = PBXFileReference; lastKnownFileType = sourcecode.swift; path = "UIView+Gradient.swift"; sourceTree = "<group>"; };
		5029DBE722A417B100A116EE /* RatingUITableViewCell.swift */ = {isa = PBXFileReference; lastKnownFileType = sourcecode.swift; path = RatingUITableViewCell.swift; sourceTree = "<group>"; };
		5029DBEB22A4199500A116EE /* RatingCircleView.swift */ = {isa = PBXFileReference; lastKnownFileType = sourcecode.swift; path = RatingCircleView.swift; sourceTree = "<group>"; };
		5029DBED22A4461100A116EE /* FloatingPoint+Utilities.swift */ = {isa = PBXFileReference; lastKnownFileType = sourcecode.swift; path = "FloatingPoint+Utilities.swift"; sourceTree = "<group>"; };
		5029DBF022A4579100A116EE /* AddressTableViewCell.swift */ = {isa = PBXFileReference; lastKnownFileType = sourcecode.swift; path = AddressTableViewCell.swift; sourceTree = "<group>"; };
		5029DBF222A45B3A00A116EE /* HairlineView.swift */ = {isa = PBXFileReference; lastKnownFileType = sourcecode.swift; path = HairlineView.swift; sourceTree = "<group>"; };
		502C30072249A0B700D8BD1B /* FourSquare.app */ = {isa = PBXFileReference; explicitFileType = wrapper.application; includeInIndex = 0; path = FourSquare.app; sourceTree = BUILT_PRODUCTS_DIR; };
		502C300A2249A0B700D8BD1B /* AppDelegate.swift */ = {isa = PBXFileReference; lastKnownFileType = sourcecode.swift; path = AppDelegate.swift; sourceTree = "<group>"; };
		502C300F2249A0B700D8BD1B /* Base */ = {isa = PBXFileReference; lastKnownFileType = file.storyboard; name = Base; path = Base.lproj/Main.storyboard; sourceTree = "<group>"; };
		502C30112249A0B800D8BD1B /* Assets.xcassets */ = {isa = PBXFileReference; lastKnownFileType = folder.assetcatalog; path = Assets.xcassets; sourceTree = "<group>"; };
		502C30142249A0B800D8BD1B /* Base */ = {isa = PBXFileReference; lastKnownFileType = file.storyboard; name = Base; path = Base.lproj/LaunchScreen.storyboard; sourceTree = "<group>"; };
		502C30162249A0B800D8BD1B /* Info.plist */ = {isa = PBXFileReference; lastKnownFileType = text.plist.xml; path = Info.plist; sourceTree = "<group>"; };
		502C301B2249A0B800D8BD1B /* FourSquareTests.xctest */ = {isa = PBXFileReference; explicitFileType = wrapper.cfbundle; includeInIndex = 0; path = FourSquareTests.xctest; sourceTree = BUILT_PRODUCTS_DIR; };
		502C30212249A0B800D8BD1B /* Info.plist */ = {isa = PBXFileReference; lastKnownFileType = text.plist.xml; path = Info.plist; sourceTree = "<group>"; };
		502C30262249A0B800D8BD1B /* FourSquareUITests.xctest */ = {isa = PBXFileReference; explicitFileType = wrapper.cfbundle; includeInIndex = 0; path = FourSquareUITests.xctest; sourceTree = BUILT_PRODUCTS_DIR; };
		502C302A2249A0B800D8BD1B /* FourSquareUITests.swift */ = {isa = PBXFileReference; lastKnownFileType = sourcecode.swift; path = FourSquareUITests.swift; sourceTree = "<group>"; };
		502C302C2249A0B800D8BD1B /* Info.plist */ = {isa = PBXFileReference; lastKnownFileType = text.plist.xml; path = Info.plist; sourceTree = "<group>"; };
		502C303E2249A89300D8BD1B /* MapViewController.swift */ = {isa = PBXFileReference; lastKnownFileType = sourcecode.swift; path = MapViewController.swift; sourceTree = "<group>"; };
		502C30442249AA0B00D8BD1B /* MapPresenting.swift */ = {isa = PBXFileReference; lastKnownFileType = sourcecode.swift; path = MapPresenting.swift; sourceTree = "<group>"; };
		502C30462249AA3B00D8BD1B /* MapPresenter.swift */ = {isa = PBXFileReference; lastKnownFileType = sourcecode.swift; path = MapPresenter.swift; sourceTree = "<group>"; };
		502C30482249AA6100D8BD1B /* MapBuilding.swift */ = {isa = PBXFileReference; lastKnownFileType = sourcecode.swift; path = MapBuilding.swift; sourceTree = "<group>"; };
		502C304B2249AAEB00D8BD1B /* FourSquareModule.swift */ = {isa = PBXFileReference; lastKnownFileType = sourcecode.swift; path = FourSquareModule.swift; sourceTree = "<group>"; };
		502C304D2249AB7400D8BD1B /* MapBuilder.swift */ = {isa = PBXFileReference; lastKnownFileType = sourcecode.swift; path = MapBuilder.swift; sourceTree = "<group>"; };
		502C304F2249ABE000D8BD1B /* MapInteracting.swift */ = {isa = PBXFileReference; lastKnownFileType = sourcecode.swift; path = MapInteracting.swift; sourceTree = "<group>"; };
		502C30512249AC0300D8BD1B /* MapInteractor.swift */ = {isa = PBXFileReference; lastKnownFileType = sourcecode.swift; path = MapInteractor.swift; sourceTree = "<group>"; };
		502C30532249B10500D8BD1B /* LocationService.swift */ = {isa = PBXFileReference; lastKnownFileType = sourcecode.swift; path = LocationService.swift; sourceTree = "<group>"; };
		502CD26322B58A3600EACFFC /* UIImage+Blur.swift */ = {isa = PBXFileReference; lastKnownFileType = sourcecode.swift; path = "UIImage+Blur.swift"; sourceTree = "<group>"; };
		502CD26622B6872800EACFFC /* PhotoDataSource.swift */ = {isa = PBXFileReference; lastKnownFileType = sourcecode.swift; path = PhotoDataSource.swift; sourceTree = "<group>"; };
		502CD26822B687C300EACFFC /* GalleryPhoto.swift */ = {isa = PBXFileReference; lastKnownFileType = sourcecode.swift; path = GalleryPhoto.swift; sourceTree = "<group>"; };
		502CD26A22B6886300EACFFC /* PhotoInteractionAnimator.swift */ = {isa = PBXFileReference; lastKnownFileType = sourcecode.swift; path = PhotoInteractionAnimator.swift; sourceTree = "<group>"; };
		502CD26C22B688A600EACFFC /* PhotosOverlayView.swift */ = {isa = PBXFileReference; lastKnownFileType = sourcecode.swift; path = PhotosOverlayView.swift; sourceTree = "<group>"; };
		502CD26E22B688EC00EACFFC /* PhotoTransitionAnimator.swift */ = {isa = PBXFileReference; lastKnownFileType = sourcecode.swift; path = PhotoTransitionAnimator.swift; sourceTree = "<group>"; };
		502CD27022B6890900EACFFC /* PhotosViewController.swift */ = {isa = PBXFileReference; lastKnownFileType = sourcecode.swift; path = PhotosViewController.swift; sourceTree = "<group>"; };
		502CD27222B68AA500EACFFC /* PhotoViewController.swift */ = {isa = PBXFileReference; lastKnownFileType = sourcecode.swift; path = PhotoViewController.swift; sourceTree = "<group>"; };
		502CD27422B68B2C00EACFFC /* ScalingImageView.swift */ = {isa = PBXFileReference; lastKnownFileType = sourcecode.swift; path = ScalingImageView.swift; sourceTree = "<group>"; };
		502CD27622B68B8A00EACFFC /* UIVIew+PhotoViewer.swift */ = {isa = PBXFileReference; lastKnownFileType = sourcecode.swift; path = "UIVIew+PhotoViewer.swift"; sourceTree = "<group>"; };
		502CD27822B6C04800EACFFC /* Double+toDate.swift */ = {isa = PBXFileReference; lastKnownFileType = sourcecode.swift; path = "Double+toDate.swift"; sourceTree = "<group>"; };
		502CD27A22B6C58A00EACFFC /* UINavigationBar+Transitions.swift */ = {isa = PBXFileReference; lastKnownFileType = sourcecode.swift; path = "UINavigationBar+Transitions.swift"; sourceTree = "<group>"; };
		502CD27C22B6C7B800EACFFC /* UIColor+Palette.swift */ = {isa = PBXFileReference; lastKnownFileType = sourcecode.swift; path = "UIColor+Palette.swift"; sourceTree = "<group>"; };
		502CD27F22B6D48900EACFFC /* InAppNotification.swift */ = {isa = PBXFileReference; lastKnownFileType = sourcecode.swift; path = InAppNotification.swift; sourceTree = "<group>"; };
		502CD28122B6D4DA00EACFFC /* InAppNotifications.swift */ = {isa = PBXFileReference; lastKnownFileType = sourcecode.swift; path = InAppNotifications.swift; sourceTree = "<group>"; };
		502CD28322B6D4F500EACFFC /* InAppNotificationType.swift */ = {isa = PBXFileReference; lastKnownFileType = sourcecode.swift; path = InAppNotificationType.swift; sourceTree = "<group>"; };
		502CD28522B6D50F00EACFFC /* DeviceManager.swift */ = {isa = PBXFileReference; lastKnownFileType = sourcecode.swift; path = DeviceManager.swift; sourceTree = "<group>"; };
		502CD28722B6D82500EACFFC /* Error+Util.swift */ = {isa = PBXFileReference; lastKnownFileType = sourcecode.swift; path = "Error+Util.swift"; sourceTree = "<group>"; };
		502CD28922B6E2FC00EACFFC /* NetworkRequestRetrier.swift */ = {isa = PBXFileReference; lastKnownFileType = sourcecode.swift; path = NetworkRequestRetrier.swift; sourceTree = "<group>"; };
		502CD28D22B70E4300EACFFC /* MapRouterTests.swift */ = {isa = PBXFileReference; lastKnownFileType = sourcecode.swift; path = MapRouterTests.swift; sourceTree = "<group>"; };
		502CD28F22B720E700EACFFC /* MapPresenterTests.swift */ = {isa = PBXFileReference; lastKnownFileType = sourcecode.swift; path = MapPresenterTests.swift; sourceTree = "<group>"; };
		502CD29322B7274200EACFFC /* MockNavigationController.swift */ = {isa = PBXFileReference; lastKnownFileType = sourcecode.swift; path = MockNavigationController.swift; sourceTree = "<group>"; };
		502CD29522B7278400EACFFC /* MockDetailsBuilder.swift */ = {isa = PBXFileReference; lastKnownFileType = sourcecode.swift; path = MockDetailsBuilder.swift; sourceTree = "<group>"; };
		502CD29722B73A0400EACFFC /* MapInteractorTests.swift */ = {isa = PBXFileReference; lastKnownFileType = sourcecode.swift; path = MapInteractorTests.swift; sourceTree = "<group>"; };
		502CD29922B73BCE00EACFFC /* MockVenueService.swift */ = {isa = PBXFileReference; lastKnownFileType = sourcecode.swift; path = MockVenueService.swift; sourceTree = "<group>"; };
		502F44C22253EC2D0045C424 /* SharedContainer.swift */ = {isa = PBXFileReference; lastKnownFileType = sourcecode.swift; path = SharedContainer.swift; sourceTree = "<group>"; };
		50327BCE22AE77A800166098 /* TipsTableViewCell.swift */ = {isa = PBXFileReference; lastKnownFileType = sourcecode.swift; path = TipsTableViewCell.swift; sourceTree = "<group>"; };
		50327BD122AE7E1400166098 /* TipTableViewCell.swift */ = {isa = PBXFileReference; lastKnownFileType = sourcecode.swift; path = TipTableViewCell.swift; sourceTree = "<group>"; };
		50327BD422AE8DDB00166098 /* TipsPresenter.swift */ = {isa = PBXFileReference; lastKnownFileType = sourcecode.swift; path = TipsPresenter.swift; sourceTree = "<group>"; };
		50327BD522AE8DDB00166098 /* TipsRouter.swift */ = {isa = PBXFileReference; lastKnownFileType = sourcecode.swift; path = TipsRouter.swift; sourceTree = "<group>"; };
		50327BD622AE8DDB00166098 /* TipsViewController.swift */ = {isa = PBXFileReference; lastKnownFileType = sourcecode.swift; path = TipsViewController.swift; sourceTree = "<group>"; };
		50327BD722AE8DDB00166098 /* TipsProtocols.swift */ = {isa = PBXFileReference; lastKnownFileType = sourcecode.swift; path = TipsProtocols.swift; sourceTree = "<group>"; };
		50327BD822AE8DDB00166098 /* TipsBuilder.swift */ = {isa = PBXFileReference; lastKnownFileType = sourcecode.swift; path = TipsBuilder.swift; sourceTree = "<group>"; };
		50327BE222AE906800166098 /* Tip.swift */ = {isa = PBXFileReference; lastKnownFileType = sourcecode.swift; path = Tip.swift; sourceTree = "<group>"; };
		50327BEB22AECD0C00166098 /* Transition.swift */ = {isa = PBXFileReference; lastKnownFileType = sourcecode.swift; path = Transition.swift; sourceTree = "<group>"; };
		50327BED22AED6A000166098 /* Presentable.swift */ = {isa = PBXFileReference; lastKnownFileType = sourcecode.swift; path = Presentable.swift; sourceTree = "<group>"; };
		50327BEF22AED6F000166098 /* UIViewController+Presentable.swift */ = {isa = PBXFileReference; lastKnownFileType = sourcecode.swift; path = "UIViewController+Presentable.swift"; sourceTree = "<group>"; };
		50327BF122AF186700166098 /* DetailsResponse.swift */ = {isa = PBXFileReference; lastKnownFileType = sourcecode.swift; path = DetailsResponse.swift; sourceTree = "<group>"; };
		50327BF522AF1A0200166098 /* FoursquareError.swift */ = {isa = PBXFileReference; lastKnownFileType = sourcecode.swift; path = FoursquareError.swift; sourceTree = "<group>"; };
		5039305E2252B273004207C0 /* MapViewable.swift */ = {isa = PBXFileReference; lastKnownFileType = sourcecode.swift; path = MapViewable.swift; sourceTree = "<group>"; };
		503930632252B33D004207C0 /* Venue.swift */ = {isa = PBXFileReference; lastKnownFileType = sourcecode.swift; path = Venue.swift; sourceTree = "<group>"; };
		503930652252B38E004207C0 /* Contact.swift */ = {isa = PBXFileReference; lastKnownFileType = sourcecode.swift; path = Contact.swift; sourceTree = "<group>"; };
		503930672252B3C4004207C0 /* Location.swift */ = {isa = PBXFileReference; lastKnownFileType = sourcecode.swift; path = Location.swift; sourceTree = "<group>"; };
		503930692252B3EF004207C0 /* Category.swift */ = {isa = PBXFileReference; lastKnownFileType = sourcecode.swift; path = Category.swift; sourceTree = "<group>"; };
		5039306B2252B412004207C0 /* Delivery.swift */ = {isa = PBXFileReference; lastKnownFileType = sourcecode.swift; path = Delivery.swift; sourceTree = "<group>"; };
		50415A082299EDCA00452037 /* DetailsPresenter.swift */ = {isa = PBXFileReference; lastKnownFileType = sourcecode.swift; path = DetailsPresenter.swift; sourceTree = "<group>"; };
		50415A092299EDCA00452037 /* DetailsRouter.swift */ = {isa = PBXFileReference; lastKnownFileType = sourcecode.swift; path = DetailsRouter.swift; sourceTree = "<group>"; };
		50415A0A2299EDCA00452037 /* DetailsViewController.swift */ = {isa = PBXFileReference; lastKnownFileType = sourcecode.swift; path = DetailsViewController.swift; sourceTree = "<group>"; };
		50415A0B2299EDCA00452037 /* DetailsProtocols.swift */ = {isa = PBXFileReference; lastKnownFileType = sourcecode.swift; path = DetailsProtocols.swift; sourceTree = "<group>"; };
		50415A0C2299EDCA00452037 /* DetailsBuilder.swift */ = {isa = PBXFileReference; lastKnownFileType = sourcecode.swift; path = DetailsBuilder.swift; sourceTree = "<group>"; };
		50415A0D2299EDCA00452037 /* DetailsInteractor.swift */ = {isa = PBXFileReference; lastKnownFileType = sourcecode.swift; path = DetailsInteractor.swift; sourceTree = "<group>"; };
		50415A162299EF3300452037 /* MapRoutable.swift */ = {isa = PBXFileReference; lastKnownFileType = sourcecode.swift; path = MapRoutable.swift; sourceTree = "<group>"; };
		50415A182299EF5E00452037 /* MapRouter.swift */ = {isa = PBXFileReference; lastKnownFileType = sourcecode.swift; path = MapRouter.swift; sourceTree = "<group>"; };
		50420262228DBAC5007E6020 /* NetworkRouter.swift */ = {isa = PBXFileReference; lastKnownFileType = sourcecode.swift; path = NetworkRouter.swift; sourceTree = "<group>"; };
		50420264228E1EA8007E6020 /* SearchResponse.swift */ = {isa = PBXFileReference; lastKnownFileType = sourcecode.swift; path = SearchResponse.swift; sourceTree = "<group>"; };
		50420266228E1FA3007E6020 /* SearchResult.swift */ = {isa = PBXFileReference; lastKnownFileType = sourcecode.swift; path = SearchResult.swift; sourceTree = "<group>"; };
		504AE82F2287168000F1D869 /* StoryboardInstantiateType.swift */ = {isa = PBXFileReference; fileEncoding = 4; lastKnownFileType = sourcecode.swift; path = StoryboardInstantiateType.swift; sourceTree = "<group>"; };
		504AE8302287168000F1D869 /* StoryboardInstantiatable.swift */ = {isa = PBXFileReference; fileEncoding = 4; lastKnownFileType = sourcecode.swift; path = StoryboardInstantiatable.swift; sourceTree = "<group>"; };
		504AE8342287173D00F1D869 /* NSObject+Util.swift */ = {isa = PBXFileReference; fileEncoding = 4; lastKnownFileType = sourcecode.swift; path = "NSObject+Util.swift"; sourceTree = "<group>"; };
		504AE83622871CF500F1D869 /* MapViewController.storyboard */ = {isa = PBXFileReference; lastKnownFileType = file.storyboard; path = MapViewController.storyboard; sourceTree = "<group>"; };
		5064D884229AD33B00BDFD32 /* NavigationControlling.swift */ = {isa = PBXFileReference; lastKnownFileType = sourcecode.swift; path = NavigationControlling.swift; sourceTree = "<group>"; };
		5064D886229AD3E000BDFD32 /* UINavigationController+NavigationControlling.swift */ = {isa = PBXFileReference; lastKnownFileType = sourcecode.swift; path = "UINavigationController+NavigationControlling.swift"; sourceTree = "<group>"; };
		508681152291A43D0055B0A1 /* VenueAnnotation.swift */ = {isa = PBXFileReference; lastKnownFileType = sourcecode.swift; path = VenueAnnotation.swift; sourceTree = "<group>"; };
		508681172291A5200055B0A1 /* VenueAnnotationView.swift */ = {isa = PBXFileReference; lastKnownFileType = sourcecode.swift; path = VenueAnnotationView.swift; sourceTree = "<group>"; };
		5086811A2291BAF80055B0A1 /* UIImage+Glyph.swift */ = {isa = PBXFileReference; lastKnownFileType = sourcecode.swift; path = "UIImage+Glyph.swift"; sourceTree = "<group>"; };
		5086811C2291CA5A0055B0A1 /* MapViewController+UICollectionView.swift */ = {isa = PBXFileReference; lastKnownFileType = sourcecode.swift; path = "MapViewController+UICollectionView.swift"; sourceTree = "<group>"; };
		5086811E2291CBAF0055B0A1 /* VenueCollectionViewCell.swift */ = {isa = PBXFileReference; lastKnownFileType = sourcecode.swift; path = VenueCollectionViewCell.swift; sourceTree = "<group>"; };
		50868151229344D40055B0A1 /* Photo.swift */ = {isa = PBXFileReference; lastKnownFileType = sourcecode.swift; path = Photo.swift; sourceTree = "<group>"; };
		508DED2F2263847000D15882 /* VenueService.swift */ = {isa = PBXFileReference; lastKnownFileType = sourcecode.swift; path = VenueService.swift; sourceTree = "<group>"; };
		50E2798422AD61B6006A0634 /* MapTableViewCell.swift */ = {isa = PBXFileReference; lastKnownFileType = sourcecode.swift; path = MapTableViewCell.swift; sourceTree = "<group>"; };
		50E2798722AD6CF6006A0634 /* MapURLHandler.swift */ = {isa = PBXFileReference; lastKnownFileType = sourcecode.swift; path = MapURLHandler.swift; sourceTree = "<group>"; };
		50E2798A22AD792A006A0634 /* PhotosCollectionView.swift */ = {isa = PBXFileReference; lastKnownFileType = sourcecode.swift; path = PhotosCollectionView.swift; sourceTree = "<group>"; };
		50E2798C22AD794F006A0634 /* PhotoCollectionViewCell.swift */ = {isa = PBXFileReference; lastKnownFileType = sourcecode.swift; path = PhotoCollectionViewCell.swift; sourceTree = "<group>"; };
		50E2798E22AD796F006A0634 /* BaseCollectionViewLayout.swift */ = {isa = PBXFileReference; lastKnownFileType = sourcecode.swift; path = BaseCollectionViewLayout.swift; sourceTree = "<group>"; };
		50E2799022AD7992006A0634 /* PhotoGalleryLayout.swift */ = {isa = PBXFileReference; lastKnownFileType = sourcecode.swift; path = PhotoGalleryLayout.swift; sourceTree = "<group>"; };
		50E2799222AD7A0D006A0634 /* PhotoGalleryTableViewCell.swift */ = {isa = PBXFileReference; lastKnownFileType = sourcecode.swift; path = PhotoGalleryTableViewCell.swift; sourceTree = "<group>"; };
		50E2799422AD8C13006A0634 /* PhotoCollectionViewCell.xib */ = {isa = PBXFileReference; lastKnownFileType = file.xib; path = PhotoCollectionViewCell.xib; sourceTree = "<group>"; };
		7793C6D2AD59D4225EAF6BE7 /* Pods-FourSquareTests.debug.xcconfig */ = {isa = PBXFileReference; includeInIndex = 1; lastKnownFileType = text.xcconfig; name = "Pods-FourSquareTests.debug.xcconfig"; path = "Pods/Target Support Files/Pods-FourSquareTests/Pods-FourSquareTests.debug.xcconfig"; sourceTree = "<group>"; };
		82731987F7CD0AA60C6ED51A /* Pods_FourSquareUITests.framework */ = {isa = PBXFileReference; explicitFileType = wrapper.framework; includeInIndex = 0; path = Pods_FourSquareUITests.framework; sourceTree = BUILT_PRODUCTS_DIR; };
		876A027202A79618D172F591 /* Pods-FourSquare.debug.xcconfig */ = {isa = PBXFileReference; includeInIndex = 1; lastKnownFileType = text.xcconfig; name = "Pods-FourSquare.debug.xcconfig"; path = "Pods/Target Support Files/Pods-FourSquare/Pods-FourSquare.debug.xcconfig"; sourceTree = "<group>"; };
		B437162E498B6CF53B8E2FAE /* Pods-FourSquareUITests.debug.xcconfig */ = {isa = PBXFileReference; includeInIndex = 1; lastKnownFileType = text.xcconfig; name = "Pods-FourSquareUITests.debug.xcconfig"; path = "Pods/Target Support Files/Pods-FourSquareUITests/Pods-FourSquareUITests.debug.xcconfig"; sourceTree = "<group>"; };
		B98EE83AEF1BE72F3522ED3C /* Pods-FourSquareTests.release.xcconfig */ = {isa = PBXFileReference; includeInIndex = 1; lastKnownFileType = text.xcconfig; name = "Pods-FourSquareTests.release.xcconfig"; path = "Pods/Target Support Files/Pods-FourSquareTests/Pods-FourSquareTests.release.xcconfig"; sourceTree = "<group>"; };
		CAF6AA7AA62876277274E4DB /* Pods-FourSquare.release.xcconfig */ = {isa = PBXFileReference; includeInIndex = 1; lastKnownFileType = text.xcconfig; name = "Pods-FourSquare.release.xcconfig"; path = "Pods/Target Support Files/Pods-FourSquare/Pods-FourSquare.release.xcconfig"; sourceTree = "<group>"; };
/* End PBXFileReference section */

/* Begin PBXFrameworksBuildPhase section */
		502C30042249A0B700D8BD1B /* Frameworks */ = {
			isa = PBXFrameworksBuildPhase;
			buildActionMask = 2147483647;
			files = (
				7F55545EFBD8172774118852 /* Pods_FourSquare.framework in Frameworks */,
			);
			runOnlyForDeploymentPostprocessing = 0;
		};
		502C30182249A0B800D8BD1B /* Frameworks */ = {
			isa = PBXFrameworksBuildPhase;
			buildActionMask = 2147483647;
			files = (
				7FD69AF9606678D812680F17 /* Pods_FourSquareTests.framework in Frameworks */,
			);
			runOnlyForDeploymentPostprocessing = 0;
		};
		502C30232249A0B800D8BD1B /* Frameworks */ = {
			isa = PBXFrameworksBuildPhase;
			buildActionMask = 2147483647;
			files = (
				061060692FFE63B3BCE871C8 /* Pods_FourSquareUITests.framework in Frameworks */,
			);
			runOnlyForDeploymentPostprocessing = 0;
		};
/* End PBXFrameworksBuildPhase section */

/* Begin PBXGroup section */
		5009869B22A05EA20029AA13 /* View */ = {
			isa = PBXGroup;
			children = (
				50327BD022AE7DFB00166098 /* Tips */,
				5029DBE622A4177300A116EE /* Cells */,
				50E2798922AD790C006A0634 /* Photo Gallery */,
				5009869E22A11B980029AA13 /* VenueUITableHeaderView.swift */,
				500986A022A11C160029AA13 /* VenueUITableHeaderView.xib */,
				5009869C22A05EB00029AA13 /* HeaderView.swift */,
				50415A0A2299EDCA00452037 /* DetailsViewController.swift */,
			);
			path = View;
			sourceTree = "<group>";
		};
		50195F8122B82A1E00D0D319 /* Details */ = {
			isa = PBXGroup;
			children = (
				50195F8222B82A4400D0D319 /* DetailsRouterTests.swift */,
				50195F8822B8543200D0D319 /* DetailsPresenterTests.swift */,
				50195F8A22B8B54C00D0D319 /* DetailsInteractorTests.swift */,
			);
			path = Details;
			sourceTree = "<group>";
		};
		50195F8C22B8B83200D0D319 /* Tips */ = {
			isa = PBXGroup;
			children = (
				50195F8D22B8B83F00D0D319 /* TipsRouterTests.swift */,
				50195F9122B8BA1600D0D319 /* TipsPresenterTests.swift */,
			);
			path = Tips;
			sourceTree = "<group>";
		};
		5029DBE622A4177300A116EE /* Cells */ = {
			isa = PBXGroup;
			children = (
				5029DBE722A417B100A116EE /* RatingUITableViewCell.swift */,
				5029DBEB22A4199500A116EE /* RatingCircleView.swift */,
				5029DBF022A4579100A116EE /* AddressTableViewCell.swift */,
				50E2798422AD61B6006A0634 /* MapTableViewCell.swift */,
				50E2799222AD7A0D006A0634 /* PhotoGalleryTableViewCell.swift */,
				50327BCE22AE77A800166098 /* TipsTableViewCell.swift */,
			);
			path = Cells;
			sourceTree = "<group>";
		};
		502C2FFE2249A0B700D8BD1B = {
			isa = PBXGroup;
			children = (
				502C30092249A0B700D8BD1B /* FourSquare */,
				502C301E2249A0B800D8BD1B /* FourSquareTests */,
				502C30292249A0B800D8BD1B /* FourSquareUITests */,
				502C30082249A0B700D8BD1B /* Products */,
				CC694B99097503F10E16C818 /* Pods */,
				E87E62AAEC09AD519327BF50 /* Frameworks */,
			);
			sourceTree = "<group>";
		};
		502C30082249A0B700D8BD1B /* Products */ = {
			isa = PBXGroup;
			children = (
				502C30072249A0B700D8BD1B /* FourSquare.app */,
				502C301B2249A0B800D8BD1B /* FourSquareTests.xctest */,
				502C30262249A0B800D8BD1B /* FourSquareUITests.xctest */,
			);
			name = Products;
			sourceTree = "<group>";
		};
		502C30092249A0B700D8BD1B /* FourSquare */ = {
			isa = PBXGroup;
			children = (
				50420260228DB60F007E6020 /* Base */,
				502C304A2249AAC300D8BD1B /* Common */,
				502C303D2249A84D00D8BD1B /* Models */,
				502C303C2249A71E00D8BD1B /* Services */,
				502C30392249A59200D8BD1B /* Modules */,
				502C30382249A55F00D8BD1B /* Storyboards */,
				502C300A2249A0B700D8BD1B /* AppDelegate.swift */,
				502C30112249A0B800D8BD1B /* Assets.xcassets */,
				502C30162249A0B800D8BD1B /* Info.plist */,
			);
			path = FourSquare;
			sourceTree = "<group>";
		};
		502C301E2249A0B800D8BD1B /* FourSquareTests */ = {
			isa = PBXGroup;
			children = (
				502CD28B22B70E2300EACFFC /* Modules */,
				502C30212249A0B800D8BD1B /* Info.plist */,
			);
			path = FourSquareTests;
			sourceTree = "<group>";
		};
		502C30292249A0B800D8BD1B /* FourSquareUITests */ = {
			isa = PBXGroup;
			children = (
				502C302A2249A0B800D8BD1B /* FourSquareUITests.swift */,
				502C302C2249A0B800D8BD1B /* Info.plist */,
			);
			path = FourSquareUITests;
			sourceTree = "<group>";
		};
		502C30382249A55F00D8BD1B /* Storyboards */ = {
			isa = PBXGroup;
			children = (
				502C300E2249A0B700D8BD1B /* Main.storyboard */,
				502C30132249A0B800D8BD1B /* LaunchScreen.storyboard */,
				504AE83622871CF500F1D869 /* MapViewController.storyboard */,
			);
			path = Storyboards;
			sourceTree = "<group>";
		};
		502C30392249A59200D8BD1B /* Modules */ = {
			isa = PBXGroup;
			children = (
				502C303A2249A6ED00D8BD1B /* Map */,
				502C303B2249A6F200D8BD1B /* Details */,
				50327BD322AE8DD300166098 /* Tips */,
			);
			path = Modules;
			sourceTree = "<group>";
		};
		502C303A2249A6ED00D8BD1B /* Map */ = {
			isa = PBXGroup;
			children = (
				50415A072299ED8C00452037 /* Router */,
				502C30432249A8D600D8BD1B /* Presenter */,
				502C30422249A8CF00D8BD1B /* Builder */,
				502C30412249A8C900D8BD1B /* Interactor */,
				502C30402249A8C200D8BD1B /* View */,
			);
			path = Map;
			sourceTree = "<group>";
		};
		502C303B2249A6F200D8BD1B /* Details */ = {
			isa = PBXGroup;
			children = (
				50327BE822AE928500166098 /* Router */,
				50327BE622AE927900166098 /* Interactor */,
				50327BE522AE925700166098 /* Protocols */,
				50327BE422AE924300166098 /* Presenter */,
				5009869B22A05EA20029AA13 /* View */,
				5064D888229AD43500BDFD32 /* Builder */,
			);
			path = Details;
			sourceTree = "<group>";
		};
		502C303C2249A71E00D8BD1B /* Services */ = {
			isa = PBXGroup;
			children = (
				502C30532249B10500D8BD1B /* LocationService.swift */,
				508DED2F2263847000D15882 /* VenueService.swift */,
			);
			path = Services;
			sourceTree = "<group>";
		};
		502C303D2249A84D00D8BD1B /* Models */ = {
			isa = PBXGroup;
			children = (
				503930632252B33D004207C0 /* Venue.swift */,
				503930652252B38E004207C0 /* Contact.swift */,
				503930672252B3C4004207C0 /* Location.swift */,
				503930692252B3EF004207C0 /* Category.swift */,
				5039306B2252B412004207C0 /* Delivery.swift */,
				50420264228E1EA8007E6020 /* SearchResponse.swift */,
				50420266228E1FA3007E6020 /* SearchResult.swift */,
				508681152291A43D0055B0A1 /* VenueAnnotation.swift */,
				50868151229344D40055B0A1 /* Photo.swift */,
				50327BE222AE906800166098 /* Tip.swift */,
				50327BF122AF186700166098 /* DetailsResponse.swift */,
			);
			path = Models;
			sourceTree = "<group>";
		};
		502C30402249A8C200D8BD1B /* View */ = {
			isa = PBXGroup;
			children = (
				502C303E2249A89300D8BD1B /* MapViewController.swift */,
				5039305E2252B273004207C0 /* MapViewable.swift */,
				508681172291A5200055B0A1 /* VenueAnnotationView.swift */,
				5086811C2291CA5A0055B0A1 /* MapViewController+UICollectionView.swift */,
				5086811E2291CBAF0055B0A1 /* VenueCollectionViewCell.swift */,
				5029DBF222A45B3A00A116EE /* HairlineView.swift */,
			);
			path = View;
			sourceTree = "<group>";
		};
		502C30412249A8C900D8BD1B /* Interactor */ = {
			isa = PBXGroup;
			children = (
				502C304F2249ABE000D8BD1B /* MapInteracting.swift */,
				502C30512249AC0300D8BD1B /* MapInteractor.swift */,
			);
			path = Interactor;
			sourceTree = "<group>";
		};
		502C30422249A8CF00D8BD1B /* Builder */ = {
			isa = PBXGroup;
			children = (
				502C30482249AA6100D8BD1B /* MapBuilding.swift */,
				502C304D2249AB7400D8BD1B /* MapBuilder.swift */,
			);
			path = Builder;
			sourceTree = "<group>";
		};
		502C30432249A8D600D8BD1B /* Presenter */ = {
			isa = PBXGroup;
			children = (
				502C30442249AA0B00D8BD1B /* MapPresenting.swift */,
				502C30462249AA3B00D8BD1B /* MapPresenter.swift */,
			);
			path = Presenter;
			sourceTree = "<group>";
		};
		502C304A2249AAC300D8BD1B /* Common */ = {
			isa = PBXGroup;
			children = (
				50327BF422AF19F100166098 /* Error Handler */,
				50E2798622AD6CB3006A0634 /* Components */,
				5064D883229AD32D00BDFD32 /* Types */,
				504AE8332287173200F1D869 /* Extensions */,
				504AE82E2287165F00F1D869 /* Utilities */,
				502C304B2249AAEB00D8BD1B /* FourSquareModule.swift */,
				502F44C22253EC2D0045C424 /* SharedContainer.swift */,
			);
			path = Common;
			sourceTree = "<group>";
		};
		502CD26522B686FD00EACFFC /* Photo Gallery */ = {
			isa = PBXGroup;
			children = (
				502CD26622B6872800EACFFC /* PhotoDataSource.swift */,
				502CD26822B687C300EACFFC /* GalleryPhoto.swift */,
				502CD26A22B6886300EACFFC /* PhotoInteractionAnimator.swift */,
				502CD26C22B688A600EACFFC /* PhotosOverlayView.swift */,
				502CD26E22B688EC00EACFFC /* PhotoTransitionAnimator.swift */,
				502CD27022B6890900EACFFC /* PhotosViewController.swift */,
				502CD27222B68AA500EACFFC /* PhotoViewController.swift */,
				502CD27422B68B2C00EACFFC /* ScalingImageView.swift */,
				502CD27622B68B8A00EACFFC /* UIVIew+PhotoViewer.swift */,
			);
			path = "Photo Gallery";
			sourceTree = "<group>";
		};
		502CD27E22B6D47200EACFFC /* In App Notification */ = {
			isa = PBXGroup;
			children = (
				502CD27F22B6D48900EACFFC /* InAppNotification.swift */,
				502CD28122B6D4DA00EACFFC /* InAppNotifications.swift */,
				502CD28322B6D4F500EACFFC /* InAppNotificationType.swift */,
				502CD28522B6D50F00EACFFC /* DeviceManager.swift */,
			);
			path = "In App Notification";
			sourceTree = "<group>";
		};
		502CD28B22B70E2300EACFFC /* Modules */ = {
			isa = PBXGroup;
			children = (
				50195F8C22B8B83200D0D319 /* Tips */,
				50195F8122B82A1E00D0D319 /* Details */,
				502CD29222B7273000EACFFC /* Mocks */,
				502CD28C22B70E2A00EACFFC /* Map */,
			);
			path = Modules;
			sourceTree = "<group>";
		};
		502CD28C22B70E2A00EACFFC /* Map */ = {
			isa = PBXGroup;
			children = (
				502CD28D22B70E4300EACFFC /* MapRouterTests.swift */,
				502CD28F22B720E700EACFFC /* MapPresenterTests.swift */,
				502CD29722B73A0400EACFFC /* MapInteractorTests.swift */,
			);
			path = Map;
			sourceTree = "<group>";
		};
		502CD29222B7273000EACFFC /* Mocks */ = {
			isa = PBXGroup;
			children = (
				502CD29322B7274200EACFFC /* MockNavigationController.swift */,
				502CD29522B7278400EACFFC /* MockDetailsBuilder.swift */,
				502CD29922B73BCE00EACFFC /* MockVenueService.swift */,
				50195F8422B82B5800D0D319 /* MockTipsBuilder.swift */,
				50195F8622B82E2B00D0D319 /* MockDetailsViewController.swift */,
				50195F8F22B8B8E300D0D319 /* MockTipsViewController.swift */,
			);
			path = Mocks;
			sourceTree = "<group>";
		};
		50327BD022AE7DFB00166098 /* Tips */ = {
			isa = PBXGroup;
			children = (
				50327BD122AE7E1400166098 /* TipTableViewCell.swift */,
			);
			path = Tips;
			sourceTree = "<group>";
		};
		50327BD322AE8DD300166098 /* Tips */ = {
			isa = PBXGroup;
			children = (
				50327BD422AE8DDB00166098 /* TipsPresenter.swift */,
				50327BD522AE8DDB00166098 /* TipsRouter.swift */,
				50327BD622AE8DDB00166098 /* TipsViewController.swift */,
				50327BD722AE8DDB00166098 /* TipsProtocols.swift */,
				50327BD822AE8DDB00166098 /* TipsBuilder.swift */,
			);
			path = Tips;
			sourceTree = "<group>";
		};
		50327BE422AE924300166098 /* Presenter */ = {
			isa = PBXGroup;
			children = (
				50415A082299EDCA00452037 /* DetailsPresenter.swift */,
			);
			path = Presenter;
			sourceTree = "<group>";
		};
		50327BE522AE925700166098 /* Protocols */ = {
			isa = PBXGroup;
			children = (
				50415A0B2299EDCA00452037 /* DetailsProtocols.swift */,
			);
			path = Protocols;
			sourceTree = "<group>";
		};
		50327BE622AE927900166098 /* Interactor */ = {
			isa = PBXGroup;
			children = (
				50415A0D2299EDCA00452037 /* DetailsInteractor.swift */,
			);
			path = Interactor;
			sourceTree = "<group>";
		};
		50327BE822AE928500166098 /* Router */ = {
			isa = PBXGroup;
			children = (
				50415A092299EDCA00452037 /* DetailsRouter.swift */,
			);
			path = Router;
			sourceTree = "<group>";
		};
		50327BE922AECCCD00166098 /* Map Handler */ = {
			isa = PBXGroup;
			children = (
				50E2798722AD6CF6006A0634 /* MapURLHandler.swift */,
			);
			path = "Map Handler";
			sourceTree = "<group>";
		};
		50327BEA22AECCEC00166098 /* Transitions */ = {
			isa = PBXGroup;
			children = (
				50327BEB22AECD0C00166098 /* Transition.swift */,
			);
			path = Transitions;
			sourceTree = "<group>";
		};
		50327BF422AF19F100166098 /* Error Handler */ = {
			isa = PBXGroup;
			children = (
				50327BF522AF1A0200166098 /* FoursquareError.swift */,
			);
			path = "Error Handler";
			sourceTree = "<group>";
		};
		50415A072299ED8C00452037 /* Router */ = {
			isa = PBXGroup;
			children = (
				50415A162299EF3300452037 /* MapRoutable.swift */,
				50415A182299EF5E00452037 /* MapRouter.swift */,
			);
			path = Router;
			sourceTree = "<group>";
		};
		50420260228DB60F007E6020 /* Base */ = {
			isa = PBXGroup;
			children = (
				50420261228DB615007E6020 /* Networking */,
			);
			path = Base;
			sourceTree = "<group>";
		};
		50420261228DB615007E6020 /* Networking */ = {
			isa = PBXGroup;
			children = (
				50420262228DBAC5007E6020 /* NetworkRouter.swift */,
				502CD28922B6E2FC00EACFFC /* NetworkRequestRetrier.swift */,
			);
			path = Networking;
			sourceTree = "<group>";
		};
		504AE82E2287165F00F1D869 /* Utilities */ = {
			isa = PBXGroup;
			children = (
				504AE82F2287168000F1D869 /* StoryboardInstantiateType.swift */,
				504AE8302287168000F1D869 /* StoryboardInstantiatable.swift */,
			);
			path = Utilities;
			sourceTree = "<group>";
		};
		504AE8332287173200F1D869 /* Extensions */ = {
			isa = PBXGroup;
			children = (
				504AE8342287173D00F1D869 /* NSObject+Util.swift */,
				5086811A2291BAF80055B0A1 /* UIImage+Glyph.swift */,
				5064D886229AD3E000BDFD32 /* UINavigationController+NavigationControlling.swift */,
				50327BEF22AED6F000166098 /* UIViewController+Presentable.swift */,
				500986A222A120E30029AA13 /* UIView+nib.swift */,
				5029DBE422A161C900A116EE /* UIView+Gradient.swift */,
				5029DBED22A4461100A116EE /* FloatingPoint+Utilities.swift */,
				502CD26322B58A3600EACFFC /* UIImage+Blur.swift */,
				502CD27822B6C04800EACFFC /* Double+toDate.swift */,
				502CD27A22B6C58A00EACFFC /* UINavigationBar+Transitions.swift */,
				502CD27C22B6C7B800EACFFC /* UIColor+Palette.swift */,
				502CD28722B6D82500EACFFC /* Error+Util.swift */,
			);
			path = Extensions;
			sourceTree = "<group>";
		};
		5064D883229AD32D00BDFD32 /* Types */ = {
			isa = PBXGroup;
			children = (
				5064D884229AD33B00BDFD32 /* NavigationControlling.swift */,
				50327BED22AED6A000166098 /* Presentable.swift */,
			);
			path = Types;
			sourceTree = "<group>";
		};
		5064D888229AD43500BDFD32 /* Builder */ = {
			isa = PBXGroup;
			children = (
				50415A0C2299EDCA00452037 /* DetailsBuilder.swift */,
			);
			path = Builder;
			sourceTree = "<group>";
		};
		50E2798622AD6CB3006A0634 /* Components */ = {
			isa = PBXGroup;
			children = (
				502CD27E22B6D47200EACFFC /* In App Notification */,
				502CD26522B686FD00EACFFC /* Photo Gallery */,
				50327BEA22AECCEC00166098 /* Transitions */,
				50327BE922AECCCD00166098 /* Map Handler */,
			);
			path = Components;
			sourceTree = "<group>";
		};
		50E2798922AD790C006A0634 /* Photo Gallery */ = {
			isa = PBXGroup;
			children = (
				50E2798A22AD792A006A0634 /* PhotosCollectionView.swift */,
				50E2798C22AD794F006A0634 /* PhotoCollectionViewCell.swift */,
				50E2799422AD8C13006A0634 /* PhotoCollectionViewCell.xib */,
				50E2798E22AD796F006A0634 /* BaseCollectionViewLayout.swift */,
				50E2799022AD7992006A0634 /* PhotoGalleryLayout.swift */,
			);
			path = "Photo Gallery";
			sourceTree = "<group>";
		};
		CC694B99097503F10E16C818 /* Pods */ = {
			isa = PBXGroup;
			children = (
				876A027202A79618D172F591 /* Pods-FourSquare.debug.xcconfig */,
				CAF6AA7AA62876277274E4DB /* Pods-FourSquare.release.xcconfig */,
				7793C6D2AD59D4225EAF6BE7 /* Pods-FourSquareTests.debug.xcconfig */,
				B98EE83AEF1BE72F3522ED3C /* Pods-FourSquareTests.release.xcconfig */,
				B437162E498B6CF53B8E2FAE /* Pods-FourSquareUITests.debug.xcconfig */,
				044EEB7D3B73C0395AB35F7E /* Pods-FourSquareUITests.release.xcconfig */,
			);
			name = Pods;
			sourceTree = "<group>";
		};
		E87E62AAEC09AD519327BF50 /* Frameworks */ = {
			isa = PBXGroup;
			children = (
				3C34664C4A081DB49A22C857 /* Pods_FourSquare.framework */,
				2CADDB163AF1E1ADFA50926C /* Pods_FourSquareTests.framework */,
				82731987F7CD0AA60C6ED51A /* Pods_FourSquareUITests.framework */,
			);
			name = Frameworks;
			sourceTree = "<group>";
		};
/* End PBXGroup section */

/* Begin PBXNativeTarget section */
		502C30062249A0B700D8BD1B /* FourSquare */ = {
			isa = PBXNativeTarget;
			buildConfigurationList = 502C302F2249A0B800D8BD1B /* Build configuration list for PBXNativeTarget "FourSquare" */;
			buildPhases = (
				FD582604BE7A8FDAC929B287 /* [CP] Check Pods Manifest.lock */,
				502C30032249A0B700D8BD1B /* Sources */,
				502C30042249A0B700D8BD1B /* Frameworks */,
				502C30052249A0B700D8BD1B /* Resources */,
				800141ADC2A4E336D89761D9 /* [CP] Embed Pods Frameworks */,
			);
			buildRules = (
			);
			dependencies = (
			);
			name = FourSquare;
			productName = FourSquare;
			productReference = 502C30072249A0B700D8BD1B /* FourSquare.app */;
			productType = "com.apple.product-type.application";
		};
		502C301A2249A0B800D8BD1B /* FourSquareTests */ = {
			isa = PBXNativeTarget;
			buildConfigurationList = 502C30322249A0B800D8BD1B /* Build configuration list for PBXNativeTarget "FourSquareTests" */;
			buildPhases = (
				C7C0FC49F88E4B863A98DFC8 /* [CP] Check Pods Manifest.lock */,
				502C30172249A0B800D8BD1B /* Sources */,
				502C30182249A0B800D8BD1B /* Frameworks */,
				502C30192249A0B800D8BD1B /* Resources */,
			);
			buildRules = (
			);
			dependencies = (
				502C301D2249A0B800D8BD1B /* PBXTargetDependency */,
			);
			name = FourSquareTests;
			productName = FourSquareTests;
			productReference = 502C301B2249A0B800D8BD1B /* FourSquareTests.xctest */;
			productType = "com.apple.product-type.bundle.unit-test";
		};
		502C30252249A0B800D8BD1B /* FourSquareUITests */ = {
			isa = PBXNativeTarget;
			buildConfigurationList = 502C30352249A0B800D8BD1B /* Build configuration list for PBXNativeTarget "FourSquareUITests" */;
			buildPhases = (
				48BCE57FE4DA0BE1E681DFB0 /* [CP] Check Pods Manifest.lock */,
				502C30222249A0B800D8BD1B /* Sources */,
				502C30232249A0B800D8BD1B /* Frameworks */,
				502C30242249A0B800D8BD1B /* Resources */,
			);
			buildRules = (
			);
			dependencies = (
				502C30282249A0B800D8BD1B /* PBXTargetDependency */,
			);
			name = FourSquareUITests;
			productName = FourSquareUITests;
			productReference = 502C30262249A0B800D8BD1B /* FourSquareUITests.xctest */;
			productType = "com.apple.product-type.bundle.ui-testing";
		};
/* End PBXNativeTarget section */

/* Begin PBXProject section */
		502C2FFF2249A0B700D8BD1B /* Project object */ = {
			isa = PBXProject;
			attributes = {
				LastSwiftUpdateCheck = 1010;
				LastUpgradeCheck = 1010;
				ORGANIZATIONNAME = VanMoof;
				TargetAttributes = {
					502C30062249A0B700D8BD1B = {
						CreatedOnToolsVersion = 10.1;
					};
					502C301A2249A0B800D8BD1B = {
						CreatedOnToolsVersion = 10.1;
						TestTargetID = 502C30062249A0B700D8BD1B;
					};
					502C30252249A0B800D8BD1B = {
						CreatedOnToolsVersion = 10.1;
						TestTargetID = 502C30062249A0B700D8BD1B;
					};
				};
			};
			buildConfigurationList = 502C30022249A0B700D8BD1B /* Build configuration list for PBXProject "FourSquare" */;
			compatibilityVersion = "Xcode 9.3";
			developmentRegion = en;
			hasScannedForEncodings = 0;
			knownRegions = (
				en,
				Base,
			);
			mainGroup = 502C2FFE2249A0B700D8BD1B;
			productRefGroup = 502C30082249A0B700D8BD1B /* Products */;
			projectDirPath = "";
			projectRoot = "";
			targets = (
				502C30062249A0B700D8BD1B /* FourSquare */,
				502C301A2249A0B800D8BD1B /* FourSquareTests */,
				502C30252249A0B800D8BD1B /* FourSquareUITests */,
			);
		};
/* End PBXProject section */

/* Begin PBXResourcesBuildPhase section */
		502C30052249A0B700D8BD1B /* Resources */ = {
			isa = PBXResourcesBuildPhase;
			buildActionMask = 2147483647;
			files = (
				504AE83722871CF500F1D869 /* MapViewController.storyboard in Resources */,
				502C30152249A0B800D8BD1B /* LaunchScreen.storyboard in Resources */,
				502C30122249A0B800D8BD1B /* Assets.xcassets in Resources */,
				50E2799522AD8C13006A0634 /* PhotoCollectionViewCell.xib in Resources */,
				500986A122A11C160029AA13 /* VenueUITableHeaderView.xib in Resources */,
				502C30102249A0B700D8BD1B /* Main.storyboard in Resources */,
			);
			runOnlyForDeploymentPostprocessing = 0;
		};
		502C30192249A0B800D8BD1B /* Resources */ = {
			isa = PBXResourcesBuildPhase;
			buildActionMask = 2147483647;
			files = (
			);
			runOnlyForDeploymentPostprocessing = 0;
		};
		502C30242249A0B800D8BD1B /* Resources */ = {
			isa = PBXResourcesBuildPhase;
			buildActionMask = 2147483647;
			files = (
			);
			runOnlyForDeploymentPostprocessing = 0;
		};
/* End PBXResourcesBuildPhase section */

/* Begin PBXShellScriptBuildPhase section */
		48BCE57FE4DA0BE1E681DFB0 /* [CP] Check Pods Manifest.lock */ = {
			isa = PBXShellScriptBuildPhase;
			buildActionMask = 2147483647;
			files = (
			);
			inputFileListPaths = (
			);
			inputPaths = (
				"${PODS_PODFILE_DIR_PATH}/Podfile.lock",
				"${PODS_ROOT}/Manifest.lock",
			);
			name = "[CP] Check Pods Manifest.lock";
			outputFileListPaths = (
			);
			outputPaths = (
				"$(DERIVED_FILE_DIR)/Pods-FourSquareUITests-checkManifestLockResult.txt",
			);
			runOnlyForDeploymentPostprocessing = 0;
			shellPath = /bin/sh;
			shellScript = "diff \"${PODS_PODFILE_DIR_PATH}/Podfile.lock\" \"${PODS_ROOT}/Manifest.lock\" > /dev/null\nif [ $? != 0 ] ; then\n    # print error to STDERR\n    echo \"error: The sandbox is not in sync with the Podfile.lock. Run 'pod install' or update your CocoaPods installation.\" >&2\n    exit 1\nfi\n# This output is used by Xcode 'outputs' to avoid re-running this script phase.\necho \"SUCCESS\" > \"${SCRIPT_OUTPUT_FILE_0}\"\n";
			showEnvVarsInLog = 0;
		};
		800141ADC2A4E336D89761D9 /* [CP] Embed Pods Frameworks */ = {
			isa = PBXShellScriptBuildPhase;
			buildActionMask = 2147483647;
			files = (
			);
			inputFileListPaths = (
			);
			inputPaths = (
				"${PODS_ROOT}/Target Support Files/Pods-FourSquare/Pods-FourSquare-frameworks.sh",
				"${BUILT_PRODUCTS_DIR}/Alamofire/Alamofire.framework",
				"${BUILT_PRODUCTS_DIR}/Nuke/Nuke.framework",
				"${BUILT_PRODUCTS_DIR}/Swinject/Swinject.framework",
			);
			name = "[CP] Embed Pods Frameworks";
			outputFileListPaths = (
			);
			outputPaths = (
				"${TARGET_BUILD_DIR}/${FRAMEWORKS_FOLDER_PATH}/Alamofire.framework",
				"${TARGET_BUILD_DIR}/${FRAMEWORKS_FOLDER_PATH}/Nuke.framework",
				"${TARGET_BUILD_DIR}/${FRAMEWORKS_FOLDER_PATH}/Swinject.framework",
			);
			runOnlyForDeploymentPostprocessing = 0;
			shellPath = /bin/sh;
			shellScript = "\"${PODS_ROOT}/Target Support Files/Pods-FourSquare/Pods-FourSquare-frameworks.sh\"\n";
			showEnvVarsInLog = 0;
		};
		C7C0FC49F88E4B863A98DFC8 /* [CP] Check Pods Manifest.lock */ = {
			isa = PBXShellScriptBuildPhase;
			buildActionMask = 2147483647;
			files = (
			);
			inputFileListPaths = (
			);
			inputPaths = (
				"${PODS_PODFILE_DIR_PATH}/Podfile.lock",
				"${PODS_ROOT}/Manifest.lock",
			);
			name = "[CP] Check Pods Manifest.lock";
			outputFileListPaths = (
			);
			outputPaths = (
				"$(DERIVED_FILE_DIR)/Pods-FourSquareTests-checkManifestLockResult.txt",
			);
			runOnlyForDeploymentPostprocessing = 0;
			shellPath = /bin/sh;
			shellScript = "diff \"${PODS_PODFILE_DIR_PATH}/Podfile.lock\" \"${PODS_ROOT}/Manifest.lock\" > /dev/null\nif [ $? != 0 ] ; then\n    # print error to STDERR\n    echo \"error: The sandbox is not in sync with the Podfile.lock. Run 'pod install' or update your CocoaPods installation.\" >&2\n    exit 1\nfi\n# This output is used by Xcode 'outputs' to avoid re-running this script phase.\necho \"SUCCESS\" > \"${SCRIPT_OUTPUT_FILE_0}\"\n";
			showEnvVarsInLog = 0;
		};
		FD582604BE7A8FDAC929B287 /* [CP] Check Pods Manifest.lock */ = {
			isa = PBXShellScriptBuildPhase;
			buildActionMask = 2147483647;
			files = (
			);
			inputFileListPaths = (
			);
			inputPaths = (
				"${PODS_PODFILE_DIR_PATH}/Podfile.lock",
				"${PODS_ROOT}/Manifest.lock",
			);
			name = "[CP] Check Pods Manifest.lock";
			outputFileListPaths = (
			);
			outputPaths = (
				"$(DERIVED_FILE_DIR)/Pods-FourSquare-checkManifestLockResult.txt",
			);
			runOnlyForDeploymentPostprocessing = 0;
			shellPath = /bin/sh;
			shellScript = "diff \"${PODS_PODFILE_DIR_PATH}/Podfile.lock\" \"${PODS_ROOT}/Manifest.lock\" > /dev/null\nif [ $? != 0 ] ; then\n    # print error to STDERR\n    echo \"error: The sandbox is not in sync with the Podfile.lock. Run 'pod install' or update your CocoaPods installation.\" >&2\n    exit 1\nfi\n# This output is used by Xcode 'outputs' to avoid re-running this script phase.\necho \"SUCCESS\" > \"${SCRIPT_OUTPUT_FILE_0}\"\n";
			showEnvVarsInLog = 0;
		};
/* End PBXShellScriptBuildPhase section */

/* Begin PBXSourcesBuildPhase section */
		502C30032249A0B700D8BD1B /* Sources */ = {
			isa = PBXSourcesBuildPhase;
			buildActionMask = 2147483647;
			files = (
				5029DBE522A161C900A116EE /* UIView+Gradient.swift in Sources */,
				502C30502249ABE000D8BD1B /* MapInteracting.swift in Sources */,
				5029DBF122A4579100A116EE /* AddressTableViewCell.swift in Sources */,
				50E2798822AD6CF6006A0634 /* MapURLHandler.swift in Sources */,
				502CD28A22B6E2FC00EACFFC /* NetworkRequestRetrier.swift in Sources */,
				502CD26922B687C300EACFFC /* GalleryPhoto.swift in Sources */,
				50327BDC22AE8DDB00166098 /* TipsRouter.swift in Sources */,
				50420265228E1EA8007E6020 /* SearchResponse.swift in Sources */,
				5039305F2252B273004207C0 /* MapViewable.swift in Sources */,
				503930682252B3C4004207C0 /* Location.swift in Sources */,
				50415A112299EDCA00452037 /* DetailsViewController.swift in Sources */,
				5064D885229AD33B00BDFD32 /* NavigationControlling.swift in Sources */,
				50E2798F22AD796F006A0634 /* BaseCollectionViewLayout.swift in Sources */,
				502CD27122B6890900EACFFC /* PhotosViewController.swift in Sources */,
				50E2798B22AD792A006A0634 /* PhotosCollectionView.swift in Sources */,
				50327BDF22AE8DDB00166098 /* TipsBuilder.swift in Sources */,
				502C304E2249AB7400D8BD1B /* MapBuilder.swift in Sources */,
				50327BF222AF186700166098 /* DetailsResponse.swift in Sources */,
				50415A0F2299EDCA00452037 /* DetailsPresenter.swift in Sources */,
				502CD26422B58A3600EACFFC /* UIImage+Blur.swift in Sources */,
				5086811F2291CBAF0055B0A1 /* VenueCollectionViewCell.swift in Sources */,
				50327BCF22AE77A800166098 /* TipsTableViewCell.swift in Sources */,
				508681182291A5200055B0A1 /* VenueAnnotationView.swift in Sources */,
				5086811D2291CA5A0055B0A1 /* MapViewController+UICollectionView.swift in Sources */,
				502CD28222B6D4DA00EACFFC /* InAppNotifications.swift in Sources */,
				503930642252B33D004207C0 /* Venue.swift in Sources */,
				502CD27D22B6C7B800EACFFC /* UIColor+Palette.swift in Sources */,
				50327BDE22AE8DDB00166098 /* TipsProtocols.swift in Sources */,
				50E2798D22AD794F006A0634 /* PhotoCollectionViewCell.swift in Sources */,
				508DED302263847000D15882 /* VenueService.swift in Sources */,
				502CD27722B68B8A00EACFFC /* UIVIew+PhotoViewer.swift in Sources */,
				502F44C32253EC2D0045C424 /* SharedContainer.swift in Sources */,
				504AE8322287168000F1D869 /* StoryboardInstantiatable.swift in Sources */,
				502CD27322B68AA500EACFFC /* PhotoViewController.swift in Sources */,
				50327BDD22AE8DDB00166098 /* TipsViewController.swift in Sources */,
				508681162291A43E0055B0A1 /* VenueAnnotation.swift in Sources */,
				502CD26B22B6886300EACFFC /* PhotoInteractionAnimator.swift in Sources */,
				50415A122299EDCA00452037 /* DetailsProtocols.swift in Sources */,
				502CD26722B6872800EACFFC /* PhotoDataSource.swift in Sources */,
				5029DBEC22A4199500A116EE /* RatingCircleView.swift in Sources */,
				50415A192299EF5E00452037 /* MapRouter.swift in Sources */,
				50E2798522AD61B6006A0634 /* MapTableViewCell.swift in Sources */,
				502CD27B22B6C58A00EACFFC /* UINavigationBar+Transitions.swift in Sources */,
				5009869F22A11B980029AA13 /* VenueUITableHeaderView.swift in Sources */,
				502CD28822B6D82500EACFFC /* Error+Util.swift in Sources */,
				5029DBF322A45B3A00A116EE /* HairlineView.swift in Sources */,
				502CD28622B6D50F00EACFFC /* DeviceManager.swift in Sources */,
				5064D887229AD3E000BDFD32 /* UINavigationController+NavigationControlling.swift in Sources */,
				5039306C2252B412004207C0 /* Delivery.swift in Sources */,
				50327BE322AE906800166098 /* Tip.swift in Sources */,
				50327BEC22AECD0C00166098 /* Transition.swift in Sources */,
				5029DBE822A417B100A116EE /* RatingUITableViewCell.swift in Sources */,
				5009869D22A05EB00029AA13 /* HeaderView.swift in Sources */,
				50E2799122AD7992006A0634 /* PhotoGalleryLayout.swift in Sources */,
				50868152229344D40055B0A1 /* Photo.swift in Sources */,
				50327BD222AE7E1400166098 /* TipTableViewCell.swift in Sources */,
				50327BDB22AE8DDB00166098 /* TipsPresenter.swift in Sources */,
				502C30522249AC0300D8BD1B /* MapInteractor.swift in Sources */,
				502C303F2249A89300D8BD1B /* MapViewController.swift in Sources */,
				502C30472249AA3B00D8BD1B /* MapPresenter.swift in Sources */,
				502CD27522B68B2C00EACFFC /* ScalingImageView.swift in Sources */,
				50415A132299EDCA00452037 /* DetailsBuilder.swift in Sources */,
				502CD28022B6D48900EACFFC /* InAppNotification.swift in Sources */,
				502C30542249B10500D8BD1B /* LocationService.swift in Sources */,
				500986A322A120E30029AA13 /* UIView+nib.swift in Sources */,
				50415A142299EDCA00452037 /* DetailsInteractor.swift in Sources */,
				50327BEE22AED6A000166098 /* Presentable.swift in Sources */,
				50415A172299EF3300452037 /* MapRoutable.swift in Sources */,
				5039306A2252B3EF004207C0 /* Category.swift in Sources */,
				50327BF022AED6F000166098 /* UIViewController+Presentable.swift in Sources */,
				504AE8312287168000F1D869 /* StoryboardInstantiateType.swift in Sources */,
				502CD26D22B688A600EACFFC /* PhotosOverlayView.swift in Sources */,
				50420263228DBAC5007E6020 /* NetworkRouter.swift in Sources */,
				502CD27922B6C04800EACFFC /* Double+toDate.swift in Sources */,
				50E2799322AD7A0D006A0634 /* PhotoGalleryTableViewCell.swift in Sources */,
				5029DBEE22A4461100A116EE /* FloatingPoint+Utilities.swift in Sources */,
				502C304C2249AAEB00D8BD1B /* FourSquareModule.swift in Sources */,
				502CD26F22B688EC00EACFFC /* PhotoTransitionAnimator.swift in Sources */,
				50420267228E1FA3007E6020 /* SearchResult.swift in Sources */,
				504AE8352287173D00F1D869 /* NSObject+Util.swift in Sources */,
				502C300B2249A0B700D8BD1B /* AppDelegate.swift in Sources */,
				502CD28422B6D4F500EACFFC /* InAppNotificationType.swift in Sources */,
				50415A102299EDCA00452037 /* DetailsRouter.swift in Sources */,
				5086811B2291BAF80055B0A1 /* UIImage+Glyph.swift in Sources */,
				503930662252B38E004207C0 /* Contact.swift in Sources */,
				502C30492249AA6100D8BD1B /* MapBuilding.swift in Sources */,
				502C30452249AA0B00D8BD1B /* MapPresenting.swift in Sources */,
				50327BF622AF1A0200166098 /* FoursquareError.swift in Sources */,
			);
			runOnlyForDeploymentPostprocessing = 0;
		};
		502C30172249A0B800D8BD1B /* Sources */ = {
			isa = PBXSourcesBuildPhase;
			buildActionMask = 2147483647;
			files = (
				50195F9222B8BA1600D0D319 /* TipsPresenterTests.swift in Sources */,
				50195F8B22B8B54C00D0D319 /* DetailsInteractorTests.swift in Sources */,
				50195F9022B8B8E300D0D319 /* MockTipsViewController.swift in Sources */,
				502CD29822B73A0400EACFFC /* MapInteractorTests.swift in Sources */,
				50195F8522B82B5800D0D319 /* MockTipsBuilder.swift in Sources */,
				502CD28E22B70E4300EACFFC /* MapRouterTests.swift in Sources */,
				50195F8922B8543200D0D319 /* DetailsPresenterTests.swift in Sources */,
				50195F8322B82A4400D0D319 /* DetailsRouterTests.swift in Sources */,
				502CD29022B720E700EACFFC /* MapPresenterTests.swift in Sources */,
				502CD29A22B73BCE00EACFFC /* MockVenueService.swift in Sources */,
				50195F8E22B8B83F00D0D319 /* TipsRouterTests.swift in Sources */,
				502CD29622B7278400EACFFC /* MockDetailsBuilder.swift in Sources */,
				502CD29422B7274200EACFFC /* MockNavigationController.swift in Sources */,
				50195F8722B82E2B00D0D319 /* MockDetailsViewController.swift in Sources */,
			);
			runOnlyForDeploymentPostprocessing = 0;
		};
		502C30222249A0B800D8BD1B /* Sources */ = {
			isa = PBXSourcesBuildPhase;
			buildActionMask = 2147483647;
			files = (
				502C302B2249A0B800D8BD1B /* FourSquareUITests.swift in Sources */,
			);
			runOnlyForDeploymentPostprocessing = 0;
		};
/* End PBXSourcesBuildPhase section */

/* Begin PBXTargetDependency section */
		502C301D2249A0B800D8BD1B /* PBXTargetDependency */ = {
			isa = PBXTargetDependency;
			target = 502C30062249A0B700D8BD1B /* FourSquare */;
			targetProxy = 502C301C2249A0B800D8BD1B /* PBXContainerItemProxy */;
		};
		502C30282249A0B800D8BD1B /* PBXTargetDependency */ = {
			isa = PBXTargetDependency;
			target = 502C30062249A0B700D8BD1B /* FourSquare */;
			targetProxy = 502C30272249A0B800D8BD1B /* PBXContainerItemProxy */;
		};
/* End PBXTargetDependency section */

/* Begin PBXVariantGroup section */
		502C300E2249A0B700D8BD1B /* Main.storyboard */ = {
			isa = PBXVariantGroup;
			children = (
				502C300F2249A0B700D8BD1B /* Base */,
			);
			name = Main.storyboard;
			sourceTree = "<group>";
		};
		502C30132249A0B800D8BD1B /* LaunchScreen.storyboard */ = {
			isa = PBXVariantGroup;
			children = (
				502C30142249A0B800D8BD1B /* Base */,
			);
			name = LaunchScreen.storyboard;
			sourceTree = "<group>";
		};
/* End PBXVariantGroup section */

/* Begin XCBuildConfiguration section */
		502C302D2249A0B800D8BD1B /* Debug */ = {
			isa = XCBuildConfiguration;
			buildSettings = {
				ALWAYS_SEARCH_USER_PATHS = NO;
				CLANG_ANALYZER_NONNULL = YES;
				CLANG_ANALYZER_NUMBER_OBJECT_CONVERSION = YES_AGGRESSIVE;
				CLANG_CXX_LANGUAGE_STANDARD = "gnu++14";
				CLANG_CXX_LIBRARY = "libc++";
				CLANG_ENABLE_MODULES = YES;
				CLANG_ENABLE_OBJC_ARC = YES;
				CLANG_ENABLE_OBJC_WEAK = YES;
				CLANG_WARN_BLOCK_CAPTURE_AUTORELEASING = YES;
				CLANG_WARN_BOOL_CONVERSION = YES;
				CLANG_WARN_COMMA = YES;
				CLANG_WARN_CONSTANT_CONVERSION = YES;
				CLANG_WARN_DEPRECATED_OBJC_IMPLEMENTATIONS = YES;
				CLANG_WARN_DIRECT_OBJC_ISA_USAGE = YES_ERROR;
				CLANG_WARN_DOCUMENTATION_COMMENTS = YES;
				CLANG_WARN_EMPTY_BODY = YES;
				CLANG_WARN_ENUM_CONVERSION = YES;
				CLANG_WARN_INFINITE_RECURSION = YES;
				CLANG_WARN_INT_CONVERSION = YES;
				CLANG_WARN_NON_LITERAL_NULL_CONVERSION = YES;
				CLANG_WARN_OBJC_IMPLICIT_RETAIN_SELF = YES;
				CLANG_WARN_OBJC_LITERAL_CONVERSION = YES;
				CLANG_WARN_OBJC_ROOT_CLASS = YES_ERROR;
				CLANG_WARN_RANGE_LOOP_ANALYSIS = YES;
				CLANG_WARN_STRICT_PROTOTYPES = YES;
				CLANG_WARN_SUSPICIOUS_MOVE = YES;
				CLANG_WARN_UNGUARDED_AVAILABILITY = YES_AGGRESSIVE;
				CLANG_WARN_UNREACHABLE_CODE = YES;
				CLANG_WARN__DUPLICATE_METHOD_MATCH = YES;
				CODE_SIGN_IDENTITY = "iPhone Developer";
				COPY_PHASE_STRIP = NO;
				DEBUG_INFORMATION_FORMAT = dwarf;
				ENABLE_STRICT_OBJC_MSGSEND = YES;
				ENABLE_TESTABILITY = YES;
				GCC_C_LANGUAGE_STANDARD = gnu11;
				GCC_DYNAMIC_NO_PIC = NO;
				GCC_NO_COMMON_BLOCKS = YES;
				GCC_OPTIMIZATION_LEVEL = 0;
				GCC_PREPROCESSOR_DEFINITIONS = (
					"DEBUG=1",
					"$(inherited)",
				);
				GCC_WARN_64_TO_32_BIT_CONVERSION = YES;
				GCC_WARN_ABOUT_RETURN_TYPE = YES_ERROR;
				GCC_WARN_UNDECLARED_SELECTOR = YES;
				GCC_WARN_UNINITIALIZED_AUTOS = YES_AGGRESSIVE;
				GCC_WARN_UNUSED_FUNCTION = YES;
				GCC_WARN_UNUSED_VARIABLE = YES;
				IPHONEOS_DEPLOYMENT_TARGET = 12.1;
				MTL_ENABLE_DEBUG_INFO = INCLUDE_SOURCE;
				MTL_FAST_MATH = YES;
				ONLY_ACTIVE_ARCH = YES;
				SDKROOT = iphoneos;
				SWIFT_ACTIVE_COMPILATION_CONDITIONS = DEBUG;
				SWIFT_OPTIMIZATION_LEVEL = "-Onone";
			};
			name = Debug;
		};
		502C302E2249A0B800D8BD1B /* Release */ = {
			isa = XCBuildConfiguration;
			buildSettings = {
				ALWAYS_SEARCH_USER_PATHS = NO;
				CLANG_ANALYZER_NONNULL = YES;
				CLANG_ANALYZER_NUMBER_OBJECT_CONVERSION = YES_AGGRESSIVE;
				CLANG_CXX_LANGUAGE_STANDARD = "gnu++14";
				CLANG_CXX_LIBRARY = "libc++";
				CLANG_ENABLE_MODULES = YES;
				CLANG_ENABLE_OBJC_ARC = YES;
				CLANG_ENABLE_OBJC_WEAK = YES;
				CLANG_WARN_BLOCK_CAPTURE_AUTORELEASING = YES;
				CLANG_WARN_BOOL_CONVERSION = YES;
				CLANG_WARN_COMMA = YES;
				CLANG_WARN_CONSTANT_CONVERSION = YES;
				CLANG_WARN_DEPRECATED_OBJC_IMPLEMENTATIONS = YES;
				CLANG_WARN_DIRECT_OBJC_ISA_USAGE = YES_ERROR;
				CLANG_WARN_DOCUMENTATION_COMMENTS = YES;
				CLANG_WARN_EMPTY_BODY = YES;
				CLANG_WARN_ENUM_CONVERSION = YES;
				CLANG_WARN_INFINITE_RECURSION = YES;
				CLANG_WARN_INT_CONVERSION = YES;
				CLANG_WARN_NON_LITERAL_NULL_CONVERSION = YES;
				CLANG_WARN_OBJC_IMPLICIT_RETAIN_SELF = YES;
				CLANG_WARN_OBJC_LITERAL_CONVERSION = YES;
				CLANG_WARN_OBJC_ROOT_CLASS = YES_ERROR;
				CLANG_WARN_RANGE_LOOP_ANALYSIS = YES;
				CLANG_WARN_STRICT_PROTOTYPES = YES;
				CLANG_WARN_SUSPICIOUS_MOVE = YES;
				CLANG_WARN_UNGUARDED_AVAILABILITY = YES_AGGRESSIVE;
				CLANG_WARN_UNREACHABLE_CODE = YES;
				CLANG_WARN__DUPLICATE_METHOD_MATCH = YES;
				CODE_SIGN_IDENTITY = "iPhone Developer";
				COPY_PHASE_STRIP = NO;
				DEBUG_INFORMATION_FORMAT = "dwarf-with-dsym";
				ENABLE_NS_ASSERTIONS = NO;
				ENABLE_STRICT_OBJC_MSGSEND = YES;
				GCC_C_LANGUAGE_STANDARD = gnu11;
				GCC_NO_COMMON_BLOCKS = YES;
				GCC_WARN_64_TO_32_BIT_CONVERSION = YES;
				GCC_WARN_ABOUT_RETURN_TYPE = YES_ERROR;
				GCC_WARN_UNDECLARED_SELECTOR = YES;
				GCC_WARN_UNINITIALIZED_AUTOS = YES_AGGRESSIVE;
				GCC_WARN_UNUSED_FUNCTION = YES;
				GCC_WARN_UNUSED_VARIABLE = YES;
				IPHONEOS_DEPLOYMENT_TARGET = 12.1;
				MTL_ENABLE_DEBUG_INFO = NO;
				MTL_FAST_MATH = YES;
				SDKROOT = iphoneos;
				SWIFT_COMPILATION_MODE = wholemodule;
				SWIFT_OPTIMIZATION_LEVEL = "-O";
				VALIDATE_PRODUCT = YES;
			};
			name = Release;
		};
		502C30302249A0B800D8BD1B /* Debug */ = {
			isa = XCBuildConfiguration;
			baseConfigurationReference = 876A027202A79618D172F591 /* Pods-FourSquare.debug.xcconfig */;
			buildSettings = {
				ASSETCATALOG_COMPILER_APPICON_NAME = AppIcon;
				BASE_URL = "https://api.foursquare.com/v2";
				CLIENT_ID = UABVQ5ZYSWY533EJN5K5QBA2Q2ZPG1OXY4UOPAAPOGZ51QBI;
				CLIENT_SECRET = XSTVDDQ0CCQCIWJGY3UFZV2MCJ40HWMBILXUAKIYMCCDJV0Z;
				CODE_SIGN_STYLE = Automatic;
				DEVELOPMENT_TEAM = 7U7YW5472M;
				INFOPLIST_FILE = FourSquare/Info.plist;
				LD_RUNPATH_SEARCH_PATHS = (
					"$(inherited)",
					"@executable_path/Frameworks",
				);
				PRODUCT_BUNDLE_IDENTIFIER = com.smapps.FourSquare;
				PRODUCT_NAME = "$(TARGET_NAME)";
				SWIFT_VERSION = 4.2;
				TARGETED_DEVICE_FAMILY = "1,2";
			};
			name = Debug;
		};
		502C30312249A0B800D8BD1B /* Release */ = {
			isa = XCBuildConfiguration;
			baseConfigurationReference = CAF6AA7AA62876277274E4DB /* Pods-FourSquare.release.xcconfig */;
			buildSettings = {
				ASSETCATALOG_COMPILER_APPICON_NAME = AppIcon;
				BASE_URL = "https://api.foursquare.com/v2";
				CLIENT_ID = UABVQ5ZYSWY533EJN5K5QBA2Q2ZPG1OXY4UOPAAPOGZ51QBI;
				CLIENT_SECRET = XSTVDDQ0CCQCIWJGY3UFZV2MCJ40HWMBILXUAKIYMCCDJV0Z;
				CODE_SIGN_STYLE = Automatic;
				DEVELOPMENT_TEAM = 7U7YW5472M;
				INFOPLIST_FILE = FourSquare/Info.plist;
				LD_RUNPATH_SEARCH_PATHS = (
					"$(inherited)",
					"@executable_path/Frameworks",
				);
				PRODUCT_BUNDLE_IDENTIFIER = com.smapps.FourSquare;
				PRODUCT_NAME = "$(TARGET_NAME)";
				SWIFT_VERSION = 4.2;
				TARGETED_DEVICE_FAMILY = "1,2";
			};
			name = Release;
		};
		502C30332249A0B800D8BD1B /* Debug */ = {
			isa = XCBuildConfiguration;
			baseConfigurationReference = 7793C6D2AD59D4225EAF6BE7 /* Pods-FourSquareTests.debug.xcconfig */;
			buildSettings = {
				ALWAYS_EMBED_SWIFT_STANDARD_LIBRARIES = YES;
				BUNDLE_LOADER = "$(TEST_HOST)";
				CODE_SIGN_STYLE = Automatic;
				DEVELOPMENT_TEAM = 7U7YW5472M;
				INFOPLIST_FILE = FourSquareTests/Info.plist;
				LD_RUNPATH_SEARCH_PATHS = (
					"$(inherited)",
					"@executable_path/Frameworks",
					"@loader_path/Frameworks",
				);
				PRODUCT_BUNDLE_IDENTIFIER = com.smapps.FourSquareTests;
				PRODUCT_NAME = "$(TARGET_NAME)";
				SWIFT_VERSION = 4.2;
				TARGETED_DEVICE_FAMILY = "1,2";
				TEST_HOST = "$(BUILT_PRODUCTS_DIR)/FourSquare.app/FourSquare";
			};
			name = Debug;
		};
		502C30342249A0B800D8BD1B /* Release */ = {
			isa = XCBuildConfiguration;
			baseConfigurationReference = B98EE83AEF1BE72F3522ED3C /* Pods-FourSquareTests.release.xcconfig */;
			buildSettings = {
				ALWAYS_EMBED_SWIFT_STANDARD_LIBRARIES = YES;
				BUNDLE_LOADER = "$(TEST_HOST)";
				CODE_SIGN_STYLE = Automatic;
				DEVELOPMENT_TEAM = 7U7YW5472M;
				INFOPLIST_FILE = FourSquareTests/Info.plist;
				LD_RUNPATH_SEARCH_PATHS = (
					"$(inherited)",
					"@executable_path/Frameworks",
					"@loader_path/Frameworks",
				);
				PRODUCT_BUNDLE_IDENTIFIER = com.smapps.FourSquareTests;
				PRODUCT_NAME = "$(TARGET_NAME)";
				SWIFT_VERSION = 4.2;
				TARGETED_DEVICE_FAMILY = "1,2";
				TEST_HOST = "$(BUILT_PRODUCTS_DIR)/FourSquare.app/FourSquare";
			};
			name = Release;
		};
		502C30362249A0B800D8BD1B /* Debug */ = {
			isa = XCBuildConfiguration;
			baseConfigurationReference = B437162E498B6CF53B8E2FAE /* Pods-FourSquareUITests.debug.xcconfig */;
			buildSettings = {
				ALWAYS_EMBED_SWIFT_STANDARD_LIBRARIES = YES;
				CODE_SIGN_STYLE = Automatic;
				DEVELOPMENT_TEAM = 7U7YW5472M;
				INFOPLIST_FILE = FourSquareUITests/Info.plist;
				LD_RUNPATH_SEARCH_PATHS = (
					"$(inherited)",
					"@executable_path/Frameworks",
					"@loader_path/Frameworks",
				);
				PRODUCT_BUNDLE_IDENTIFIER = com.smapps.FourSquareUITests;
				PRODUCT_NAME = "$(TARGET_NAME)";
				SWIFT_VERSION = 4.2;
				TARGETED_DEVICE_FAMILY = "1,2";
				TEST_TARGET_NAME = FourSquare;
			};
			name = Debug;
		};
		502C30372249A0B800D8BD1B /* Release */ = {
			isa = XCBuildConfiguration;
			baseConfigurationReference = 044EEB7D3B73C0395AB35F7E /* Pods-FourSquareUITests.release.xcconfig */;
			buildSettings = {
				ALWAYS_EMBED_SWIFT_STANDARD_LIBRARIES = YES;
				CODE_SIGN_STYLE = Automatic;
				DEVELOPMENT_TEAM = 7U7YW5472M;
				INFOPLIST_FILE = FourSquareUITests/Info.plist;
				LD_RUNPATH_SEARCH_PATHS = (
					"$(inherited)",
					"@executable_path/Frameworks",
					"@loader_path/Frameworks",
				);
				PRODUCT_BUNDLE_IDENTIFIER = com.smapps.FourSquareUITests;
				PRODUCT_NAME = "$(TARGET_NAME)";
				SWIFT_VERSION = 4.2;
				TARGETED_DEVICE_FAMILY = "1,2";
				TEST_TARGET_NAME = FourSquare;
			};
			name = Release;
		};
/* End XCBuildConfiguration section */

/* Begin XCConfigurationList section */
		502C30022249A0B700D8BD1B /* Build configuration list for PBXProject "FourSquare" */ = {
			isa = XCConfigurationList;
			buildConfigurations = (
				502C302D2249A0B800D8BD1B /* Debug */,
				502C302E2249A0B800D8BD1B /* Release */,
			);
			defaultConfigurationIsVisible = 0;
			defaultConfigurationName = Release;
		};
		502C302F2249A0B800D8BD1B /* Build configuration list for PBXNativeTarget "FourSquare" */ = {
			isa = XCConfigurationList;
			buildConfigurations = (
				502C30302249A0B800D8BD1B /* Debug */,
				502C30312249A0B800D8BD1B /* Release */,
			);
			defaultConfigurationIsVisible = 0;
			defaultConfigurationName = Release;
		};
		502C30322249A0B800D8BD1B /* Build configuration list for PBXNativeTarget "FourSquareTests" */ = {
			isa = XCConfigurationList;
			buildConfigurations = (
				502C30332249A0B800D8BD1B /* Debug */,
				502C30342249A0B800D8BD1B /* Release */,
			);
			defaultConfigurationIsVisible = 0;
			defaultConfigurationName = Release;
		};
		502C30352249A0B800D8BD1B /* Build configuration list for PBXNativeTarget "FourSquareUITests" */ = {
			isa = XCConfigurationList;
			buildConfigurations = (
				502C30362249A0B800D8BD1B /* Debug */,
				502C30372249A0B800D8BD1B /* Release */,
			);
			defaultConfigurationIsVisible = 0;
			defaultConfigurationName = Release;
		};
/* End XCConfigurationList section */
	};
	rootObject = 502C2FFF2249A0B700D8BD1B /* Project object */;
}
