// !$*UTF8*$!
{
	archiveVersion = 1;
	classes = {
	};
	objectVersion = 50;
	objects = {

/* Begin PBXBuildFile section */
		061060692FFE63B3BCE871C8 /* Pods_FourSquareUITests.framework in Frameworks */ = {isa = PBXBuildFile; fileRef = 82731987F7CD0AA60C6ED51A /* Pods_FourSquareUITests.framework */; };
		502C300B2249A0B700D8BD1B /* AppDelegate.swift in Sources */ = {isa = PBXBuildFile; fileRef = 502C300A2249A0B700D8BD1B /* AppDelegate.swift */; };
		502C300D2249A0B700D8BD1B /* ViewController.swift in Sources */ = {isa = PBXBuildFile; fileRef = 502C300C2249A0B700D8BD1B /* ViewController.swift */; };
		502C30102249A0B700D8BD1B /* Main.storyboard in Resources */ = {isa = PBXBuildFile; fileRef = 502C300E2249A0B700D8BD1B /* Main.storyboard */; };
		502C30122249A0B800D8BD1B /* Assets.xcassets in Resources */ = {isa = PBXBuildFile; fileRef = 502C30112249A0B800D8BD1B /* Assets.xcassets */; };
		502C30152249A0B800D8BD1B /* LaunchScreen.storyboard in Resources */ = {isa = PBXBuildFile; fileRef = 502C30132249A0B800D8BD1B /* LaunchScreen.storyboard */; };
		502C30202249A0B800D8BD1B /* FourSquareTests.swift in Sources */ = {isa = PBXBuildFile; fileRef = 502C301F2249A0B800D8BD1B /* FourSquareTests.swift */; };
		502C302B2249A0B800D8BD1B /* FourSquareUITests.swift in Sources */ = {isa = PBXBuildFile; fileRef = 502C302A2249A0B800D8BD1B /* FourSquareUITests.swift */; };
		502C303F2249A89300D8BD1B /* MapViewController.swift in Sources */ = {isa = PBXBuildFile; fileRef = 502C303E2249A89300D8BD1B /* MapViewController.swift */; };
		502C30452249AA0B00D8BD1B /* MapPresenting.swift in Sources */ = {isa = PBXBuildFile; fileRef = 502C30442249AA0B00D8BD1B /* MapPresenting.swift */; };
		502C30472249AA3B00D8BD1B /* MapPresenter.swift in Sources */ = {isa = PBXBuildFile; fileRef = 502C30462249AA3B00D8BD1B /* MapPresenter.swift */; };
		502C30492249AA6100D8BD1B /* MapBuilding.swift in Sources */ = {isa = PBXBuildFile; fileRef = 502C30482249AA6100D8BD1B /* MapBuilding.swift */; };
		502C304C2249AAEB00D8BD1B /* FourSquareModule.swift in Sources */ = {isa = PBXBuildFile; fileRef = 502C304B2249AAEB00D8BD1B /* FourSquareModule.swift */; };
		502C304E2249AB7400D8BD1B /* MapBuilder.swift in Sources */ = {isa = PBXBuildFile; fileRef = 502C304D2249AB7400D8BD1B /* MapBuilder.swift */; };
		502C30502249ABE000D8BD1B /* MapInteracting.swift in Sources */ = {isa = PBXBuildFile; fileRef = 502C304F2249ABE000D8BD1B /* MapInteracting.swift */; };
		502C30522249AC0300D8BD1B /* MapInteractor.swift in Sources */ = {isa = PBXBuildFile; fileRef = 502C30512249AC0300D8BD1B /* MapInteractor.swift */; };
		502C30542249B10500D8BD1B /* LocationService.swift in Sources */ = {isa = PBXBuildFile; fileRef = 502C30532249B10500D8BD1B /* LocationService.swift */; };
		502F44C32253EC2D0045C424 /* SharedContainer.swift in Sources */ = {isa = PBXBuildFile; fileRef = 502F44C22253EC2D0045C424 /* SharedContainer.swift */; };
		5039305F2252B273004207C0 /* MapView.swift in Sources */ = {isa = PBXBuildFile; fileRef = 5039305E2252B273004207C0 /* MapView.swift */; };
		503930622252B2D1004207C0 /* MapViewModel.swift in Sources */ = {isa = PBXBuildFile; fileRef = 503930612252B2D1004207C0 /* MapViewModel.swift */; };
		503930642252B33D004207C0 /* Venue.swift in Sources */ = {isa = PBXBuildFile; fileRef = 503930632252B33D004207C0 /* Venue.swift */; };
		503930662252B38E004207C0 /* Contact.swift in Sources */ = {isa = PBXBuildFile; fileRef = 503930652252B38E004207C0 /* Contact.swift */; };
		503930682252B3C4004207C0 /* Location.swift in Sources */ = {isa = PBXBuildFile; fileRef = 503930672252B3C4004207C0 /* Location.swift */; };
		5039306A2252B3EF004207C0 /* Category.swift in Sources */ = {isa = PBXBuildFile; fileRef = 503930692252B3EF004207C0 /* Category.swift */; };
		5039306C2252B412004207C0 /* Delivery.swift in Sources */ = {isa = PBXBuildFile; fileRef = 5039306B2252B412004207C0 /* Delivery.swift */; };
		7F55545EFBD8172774118852 /* Pods_FourSquare.framework in Frameworks */ = {isa = PBXBuildFile; fileRef = 3C34664C4A081DB49A22C857 /* Pods_FourSquare.framework */; };
		7FD69AF9606678D812680F17 /* Pods_FourSquareTests.framework in Frameworks */ = {isa = PBXBuildFile; fileRef = 2CADDB163AF1E1ADFA50926C /* Pods_FourSquareTests.framework */; };
/* End PBXBuildFile section */

/* Begin PBXContainerItemProxy section */
		502C301C2249A0B800D8BD1B /* PBXContainerItemProxy */ = {
			isa = PBXContainerItemProxy;
			containerPortal = 502C2FFF2249A0B700D8BD1B /* Project object */;
			proxyType = 1;
			remoteGlobalIDString = 502C30062249A0B700D8BD1B;
			remoteInfo = FourSquare;
		};
		502C30272249A0B800D8BD1B /* PBXContainerItemProxy */ = {
			isa = PBXContainerItemProxy;
			containerPortal = 502C2FFF2249A0B700D8BD1B /* Project object */;
			proxyType = 1;
			remoteGlobalIDString = 502C30062249A0B700D8BD1B;
			remoteInfo = FourSquare;
		};
/* End PBXContainerItemProxy section */

/* Begin PBXFileReference section */
		044EEB7D3B73C0395AB35F7E /* Pods-FourSquareUITests.release.xcconfig */ = {isa = PBXFileReference; includeInIndex = 1; lastKnownFileType = text.xcconfig; name = "Pods-FourSquareUITests.release.xcconfig"; path = "Pods/Target Support Files/Pods-FourSquareUITests/Pods-FourSquareUITests.release.xcconfig"; sourceTree = "<group>"; };
		2CADDB163AF1E1ADFA50926C /* Pods_FourSquareTests.framework */ = {isa = PBXFileReference; explicitFileType = wrapper.framework; includeInIndex = 0; path = Pods_FourSquareTests.framework; sourceTree = BUILT_PRODUCTS_DIR; };
		3C34664C4A081DB49A22C857 /* Pods_FourSquare.framework */ = {isa = PBXFileReference; explicitFileType = wrapper.framework; includeInIndex = 0; path = Pods_FourSquare.framework; sourceTree = BUILT_PRODUCTS_DIR; };
		502C30072249A0B700D8BD1B /* FourSquare.app */ = {isa = PBXFileReference; explicitFileType = wrapper.application; includeInIndex = 0; path = FourSquare.app; sourceTree = BUILT_PRODUCTS_DIR; };
		502C300A2249A0B700D8BD1B /* AppDelegate.swift */ = {isa = PBXFileReference; lastKnownFileType = sourcecode.swift; path = AppDelegate.swift; sourceTree = "<group>"; };
		502C300C2249A0B700D8BD1B /* ViewController.swift */ = {isa = PBXFileReference; lastKnownFileType = sourcecode.swift; path = ViewController.swift; sourceTree = "<group>"; };
		502C300F2249A0B700D8BD1B /* Base */ = {isa = PBXFileReference; lastKnownFileType = file.storyboard; name = Base; path = Base.lproj/Main.storyboard; sourceTree = "<group>"; };
		502C30112249A0B800D8BD1B /* Assets.xcassets */ = {isa = PBXFileReference; lastKnownFileType = folder.assetcatalog; path = Assets.xcassets; sourceTree = "<group>"; };
		502C30142249A0B800D8BD1B /* Base */ = {isa = PBXFileReference; lastKnownFileType = file.storyboard; name = Base; path = Base.lproj/LaunchScreen.storyboard; sourceTree = "<group>"; };
		502C30162249A0B800D8BD1B /* Info.plist */ = {isa = PBXFileReference; lastKnownFileType = text.plist.xml; path = Info.plist; sourceTree = "<group>"; };
		502C301B2249A0B800D8BD1B /* FourSquareTests.xctest */ = {isa = PBXFileReference; explicitFileType = wrapper.cfbundle; includeInIndex = 0; path = FourSquareTests.xctest; sourceTree = BUILT_PRODUCTS_DIR; };
		502C301F2249A0B800D8BD1B /* FourSquareTests.swift */ = {isa = PBXFileReference; lastKnownFileType = sourcecode.swift; path = FourSquareTests.swift; sourceTree = "<group>"; };
		502C30212249A0B800D8BD1B /* Info.plist */ = {isa = PBXFileReference; lastKnownFileType = text.plist.xml; path = Info.plist; sourceTree = "<group>"; };
		502C30262249A0B800D8BD1B /* FourSquareUITests.xctest */ = {isa = PBXFileReference; explicitFileType = wrapper.cfbundle; includeInIndex = 0; path = FourSquareUITests.xctest; sourceTree = BUILT_PRODUCTS_DIR; };
		502C302A2249A0B800D8BD1B /* FourSquareUITests.swift */ = {isa = PBXFileReference; lastKnownFileType = sourcecode.swift; path = FourSquareUITests.swift; sourceTree = "<group>"; };
		502C302C2249A0B800D8BD1B /* Info.plist */ = {isa = PBXFileReference; lastKnownFileType = text.plist.xml; path = Info.plist; sourceTree = "<group>"; };
		502C303E2249A89300D8BD1B /* MapViewController.swift */ = {isa = PBXFileReference; lastKnownFileType = sourcecode.swift; path = MapViewController.swift; sourceTree = "<group>"; };
		502C30442249AA0B00D8BD1B /* MapPresenting.swift */ = {isa = PBXFileReference; lastKnownFileType = sourcecode.swift; path = MapPresenting.swift; sourceTree = "<group>"; };
		502C30462249AA3B00D8BD1B /* MapPresenter.swift */ = {isa = PBXFileReference; lastKnownFileType = sourcecode.swift; path = MapPresenter.swift; sourceTree = "<group>"; };
		502C30482249AA6100D8BD1B /* MapBuilding.swift */ = {isa = PBXFileReference; lastKnownFileType = sourcecode.swift; path = MapBuilding.swift; sourceTree = "<group>"; };
		502C304B2249AAEB00D8BD1B /* FourSquareModule.swift */ = {isa = PBXFileReference; lastKnownFileType = sourcecode.swift; path = FourSquareModule.swift; sourceTree = "<group>"; };
		502C304D2249AB7400D8BD1B /* MapBuilder.swift */ = {isa = PBXFileReference; lastKnownFileType = sourcecode.swift; path = MapBuilder.swift; sourceTree = "<group>"; };
		502C304F2249ABE000D8BD1B /* MapInteracting.swift */ = {isa = PBXFileReference; lastKnownFileType = sourcecode.swift; path = MapInteracting.swift; sourceTree = "<group>"; };
		502C30512249AC0300D8BD1B /* MapInteractor.swift */ = {isa = PBXFileReference; lastKnownFileType = sourcecode.swift; path = MapInteractor.swift; sourceTree = "<group>"; };
		502C30532249B10500D8BD1B /* LocationService.swift */ = {isa = PBXFileReference; lastKnownFileType = sourcecode.swift; path = LocationService.swift; sourceTree = "<group>"; };
		502F44C22253EC2D0045C424 /* SharedContainer.swift */ = {isa = PBXFileReference; lastKnownFileType = sourcecode.swift; path = SharedContainer.swift; sourceTree = "<group>"; };
		5039305E2252B273004207C0 /* MapView.swift */ = {isa = PBXFileReference; lastKnownFileType = sourcecode.swift; path = MapView.swift; sourceTree = "<group>"; };
		503930612252B2D1004207C0 /* MapViewModel.swift */ = {isa = PBXFileReference; lastKnownFileType = sourcecode.swift; path = MapViewModel.swift; sourceTree = "<group>"; };
		503930632252B33D004207C0 /* Venue.swift */ = {isa = PBXFileReference; lastKnownFileType = sourcecode.swift; path = Venue.swift; sourceTree = "<group>"; };
		503930652252B38E004207C0 /* Contact.swift */ = {isa = PBXFileReference; lastKnownFileType = sourcecode.swift; path = Contact.swift; sourceTree = "<group>"; };
		503930672252B3C4004207C0 /* Location.swift */ = {isa = PBXFileReference; lastKnownFileType = sourcecode.swift; path = Location.swift; sourceTree = "<group>"; };
		503930692252B3EF004207C0 /* Category.swift */ = {isa = PBXFileReference; lastKnownFileType = sourcecode.swift; path = Category.swift; sourceTree = "<group>"; };
		5039306B2252B412004207C0 /* Delivery.swift */ = {isa = PBXFileReference; lastKnownFileType = sourcecode.swift; path = Delivery.swift; sourceTree = "<group>"; };
		7793C6D2AD59D4225EAF6BE7 /* Pods-FourSquareTests.debug.xcconfig */ = {isa = PBXFileReference; includeInIndex = 1; lastKnownFileType = text.xcconfig; name = "Pods-FourSquareTests.debug.xcconfig"; path = "Pods/Target Support Files/Pods-FourSquareTests/Pods-FourSquareTests.debug.xcconfig"; sourceTree = "<group>"; };
		82731987F7CD0AA60C6ED51A /* Pods_FourSquareUITests.framework */ = {isa = PBXFileReference; explicitFileType = wrapper.framework; includeInIndex = 0; path = Pods_FourSquareUITests.framework; sourceTree = BUILT_PRODUCTS_DIR; };
		876A027202A79618D172F591 /* Pods-FourSquare.debug.xcconfig */ = {isa = PBXFileReference; includeInIndex = 1; lastKnownFileType = text.xcconfig; name = "Pods-FourSquare.debug.xcconfig"; path = "Pods/Target Support Files/Pods-FourSquare/Pods-FourSquare.debug.xcconfig"; sourceTree = "<group>"; };
		B437162E498B6CF53B8E2FAE /* Pods-FourSquareUITests.debug.xcconfig */ = {isa = PBXFileReference; includeInIndex = 1; lastKnownFileType = text.xcconfig; name = "Pods-FourSquareUITests.debug.xcconfig"; path = "Pods/Target Support Files/Pods-FourSquareUITests/Pods-FourSquareUITests.debug.xcconfig"; sourceTree = "<group>"; };
		B98EE83AEF1BE72F3522ED3C /* Pods-FourSquareTests.release.xcconfig */ = {isa = PBXFileReference; includeInIndex = 1; lastKnownFileType = text.xcconfig; name = "Pods-FourSquareTests.release.xcconfig"; path = "Pods/Target Support Files/Pods-FourSquareTests/Pods-FourSquareTests.release.xcconfig"; sourceTree = "<group>"; };
		CAF6AA7AA62876277274E4DB /* Pods-FourSquare.release.xcconfig */ = {isa = PBXFileReference; includeInIndex = 1; lastKnownFileType = text.xcconfig; name = "Pods-FourSquare.release.xcconfig"; path = "Pods/Target Support Files/Pods-FourSquare/Pods-FourSquare.release.xcconfig"; sourceTree = "<group>"; };
/* End PBXFileReference section */

/* Begin PBXFrameworksBuildPhase section */
		502C30042249A0B700D8BD1B /* Frameworks */ = {
			isa = PBXFrameworksBuildPhase;
			buildActionMask = 2147483647;
			files = (
				7F55545EFBD8172774118852 /* Pods_FourSquare.framework in Frameworks */,
			);
			runOnlyForDeploymentPostprocessing = 0;
		};
		502C30182249A0B800D8BD1B /* Frameworks */ = {
			isa = PBXFrameworksBuildPhase;
			buildActionMask = 2147483647;
			files = (
				7FD69AF9606678D812680F17 /* Pods_FourSquareTests.framework in Frameworks */,
			);
			runOnlyForDeploymentPostprocessing = 0;
		};
		502C30232249A0B800D8BD1B /* Frameworks */ = {
			isa = PBXFrameworksBuildPhase;
			buildActionMask = 2147483647;
			files = (
				061060692FFE63B3BCE871C8 /* Pods_FourSquareUITests.framework in Frameworks */,
			);
			runOnlyForDeploymentPostprocessing = 0;
		};
/* End PBXFrameworksBuildPhase section */

/* Begin PBXGroup section */
		502C2FFE2249A0B700D8BD1B = {
			isa = PBXGroup;
			children = (
				502C30092249A0B700D8BD1B /* FourSquare */,
				502C301E2249A0B800D8BD1B /* FourSquareTests */,
				502C30292249A0B800D8BD1B /* FourSquareUITests */,
				502C30082249A0B700D8BD1B /* Products */,
				CC694B99097503F10E16C818 /* Pods */,
				E87E62AAEC09AD519327BF50 /* Frameworks */,
			);
			sourceTree = "<group>";
		};
		502C30082249A0B700D8BD1B /* Products */ = {
			isa = PBXGroup;
			children = (
				502C30072249A0B700D8BD1B /* FourSquare.app */,
				502C301B2249A0B800D8BD1B /* FourSquareTests.xctest */,
				502C30262249A0B800D8BD1B /* FourSquareUITests.xctest */,
			);
			name = Products;
			sourceTree = "<group>";
		};
		502C30092249A0B700D8BD1B /* FourSquare */ = {
			isa = PBXGroup;
			children = (
				502C304A2249AAC300D8BD1B /* Common */,
				502C303D2249A84D00D8BD1B /* Models */,
				502C303C2249A71E00D8BD1B /* Services */,
				502C30392249A59200D8BD1B /* Modules */,
				502C30382249A55F00D8BD1B /* Storyboards */,
				502C300A2249A0B700D8BD1B /* AppDelegate.swift */,
				502C300C2249A0B700D8BD1B /* ViewController.swift */,
				502C30112249A0B800D8BD1B /* Assets.xcassets */,
				502C30162249A0B800D8BD1B /* Info.plist */,
			);
			path = FourSquare;
			sourceTree = "<group>";
		};
		502C301E2249A0B800D8BD1B /* FourSquareTests */ = {
			isa = PBXGroup;
			children = (
				502C301F2249A0B800D8BD1B /* FourSquareTests.swift */,
				502C30212249A0B800D8BD1B /* Info.plist */,
			);
			path = FourSquareTests;
			sourceTree = "<group>";
		};
		502C30292249A0B800D8BD1B /* FourSquareUITests */ = {
			isa = PBXGroup;
			children = (
				502C302A2249A0B800D8BD1B /* FourSquareUITests.swift */,
				502C302C2249A0B800D8BD1B /* Info.plist */,
			);
			path = FourSquareUITests;
			sourceTree = "<group>";
		};
		502C30382249A55F00D8BD1B /* Storyboards */ = {
			isa = PBXGroup;
			children = (
				502C300E2249A0B700D8BD1B /* Main.storyboard */,
				502C30132249A0B800D8BD1B /* LaunchScreen.storyboard */,
			);
			path = Storyboards;
			sourceTree = "<group>";
		};
		502C30392249A59200D8BD1B /* Modules */ = {
			isa = PBXGroup;
			children = (
				502C303A2249A6ED00D8BD1B /* Map */,
				502C303B2249A6F200D8BD1B /* Details */,
			);
			path = Modules;
			sourceTree = "<group>";
		};
		502C303A2249A6ED00D8BD1B /* Map */ = {
			isa = PBXGroup;
			children = (
				502C30432249A8D600D8BD1B /* Presenter */,
				502C30422249A8CF00D8BD1B /* Builder */,
				502C30412249A8C900D8BD1B /* Interactor */,
				502C30402249A8C200D8BD1B /* View */,
			);
			path = Map;
			sourceTree = "<group>";
		};
		502C303B2249A6F200D8BD1B /* Details */ = {
			isa = PBXGroup;
			children = (
			);
			path = Details;
			sourceTree = "<group>";
		};
		502C303C2249A71E00D8BD1B /* Services */ = {
			isa = PBXGroup;
			children = (
				502C30532249B10500D8BD1B /* LocationService.swift */,
			);
			path = Services;
			sourceTree = "<group>";
		};
		502C303D2249A84D00D8BD1B /* Models */ = {
			isa = PBXGroup;
			children = (
				503930632252B33D004207C0 /* Venue.swift */,
				503930652252B38E004207C0 /* Contact.swift */,
				503930672252B3C4004207C0 /* Location.swift */,
				503930692252B3EF004207C0 /* Category.swift */,
				5039306B2252B412004207C0 /* Delivery.swift */,
			);
			path = Models;
			sourceTree = "<group>";
		};
		502C30402249A8C200D8BD1B /* View */ = {
			isa = PBXGroup;
			children = (
				502C303E2249A89300D8BD1B /* MapViewController.swift */,
				5039305E2252B273004207C0 /* MapView.swift */,
			);
			path = View;
			sourceTree = "<group>";
		};
		502C30412249A8C900D8BD1B /* Interactor */ = {
			isa = PBXGroup;
			children = (
				502C304F2249ABE000D8BD1B /* MapInteracting.swift */,
				502C30512249AC0300D8BD1B /* MapInteractor.swift */,
			);
			path = Interactor;
			sourceTree = "<group>";
		};
		502C30422249A8CF00D8BD1B /* Builder */ = {
			isa = PBXGroup;
			children = (
				502C30482249AA6100D8BD1B /* MapBuilding.swift */,
				502C304D2249AB7400D8BD1B /* MapBuilder.swift */,
			);
			path = Builder;
			sourceTree = "<group>";
		};
		502C30432249A8D600D8BD1B /* Presenter */ = {
			isa = PBXGroup;
			children = (
				502C30442249AA0B00D8BD1B /* MapPresenting.swift */,
				502C30462249AA3B00D8BD1B /* MapPresenter.swift */,
				503930612252B2D1004207C0 /* MapViewModel.swift */,
			);
			path = Presenter;
			sourceTree = "<group>";
		};
		502C304A2249AAC300D8BD1B /* Common */ = {
			isa = PBXGroup;
			children = (
				502C304B2249AAEB00D8BD1B /* FourSquareModule.swift */,
				502F44C22253EC2D0045C424 /* SharedContainer.swift */,
			);
			path = Common;
			sourceTree = "<group>";
		};
		CC694B99097503F10E16C818 /* Pods */ = {
			isa = PBXGroup;
			children = (
				876A027202A79618D172F591 /* Pods-FourSquare.debug.xcconfig */,
				CAF6AA7AA62876277274E4DB /* Pods-FourSquare.release.xcconfig */,
				7793C6D2AD59D4225EAF6BE7 /* Pods-FourSquareTests.debug.xcconfig */,
				B98EE83AEF1BE72F3522ED3C /* Pods-FourSquareTests.release.xcconfig */,
				B437162E498B6CF53B8E2FAE /* Pods-FourSquareUITests.debug.xcconfig */,
				044EEB7D3B73C0395AB35F7E /* Pods-FourSquareUITests.release.xcconfig */,
			);
			name = Pods;
			sourceTree = "<group>";
		};
		E87E62AAEC09AD519327BF50 /* Frameworks */ = {
			isa = PBXGroup;
			children = (
				3C34664C4A081DB49A22C857 /* Pods_FourSquare.framework */,
				2CADDB163AF1E1ADFA50926C /* Pods_FourSquareTests.framework */,
				82731987F7CD0AA60C6ED51A /* Pods_FourSquareUITests.framework */,
			);
			name = Frameworks;
			sourceTree = "<group>";
		};
/* End PBXGroup section */

/* Begin PBXNativeTarget section */
		502C30062249A0B700D8BD1B /* FourSquare */ = {
			isa = PBXNativeTarget;
			buildConfigurationList = 502C302F2249A0B800D8BD1B /* Build configuration list for PBXNativeTarget "FourSquare" */;
			buildPhases = (
				FD582604BE7A8FDAC929B287 /* [CP] Check Pods Manifest.lock */,
				502C30032249A0B700D8BD1B /* Sources */,
				502C30042249A0B700D8BD1B /* Frameworks */,
				502C30052249A0B700D8BD1B /* Resources */,
				800141ADC2A4E336D89761D9 /* [CP] Embed Pods Frameworks */,
			);
			buildRules = (
			);
			dependencies = (
			);
			name = FourSquare;
			productName = FourSquare;
			productReference = 502C30072249A0B700D8BD1B /* FourSquare.app */;
			productType = "com.apple.product-type.application";
		};
		502C301A2249A0B800D8BD1B /* FourSquareTests */ = {
			isa = PBXNativeTarget;
			buildConfigurationList = 502C30322249A0B800D8BD1B /* Build configuration list for PBXNativeTarget "FourSquareTests" */;
			buildPhases = (
				C7C0FC49F88E4B863A98DFC8 /* [CP] Check Pods Manifest.lock */,
				502C30172249A0B800D8BD1B /* Sources */,
				502C30182249A0B800D8BD1B /* Frameworks */,
				502C30192249A0B800D8BD1B /* Resources */,
			);
			buildRules = (
			);
			dependencies = (
				502C301D2249A0B800D8BD1B /* PBXTargetDependency */,
			);
			name = FourSquareTests;
			productName = FourSquareTests;
			productReference = 502C301B2249A0B800D8BD1B /* FourSquareTests.xctest */;
			productType = "com.apple.product-type.bundle.unit-test";
		};
		502C30252249A0B800D8BD1B /* FourSquareUITests */ = {
			isa = PBXNativeTarget;
			buildConfigurationList = 502C30352249A0B800D8BD1B /* Build configuration list for PBXNativeTarget "FourSquareUITests" */;
			buildPhases = (
				48BCE57FE4DA0BE1E681DFB0 /* [CP] Check Pods Manifest.lock */,
				502C30222249A0B800D8BD1B /* Sources */,
				502C30232249A0B800D8BD1B /* Frameworks */,
				502C30242249A0B800D8BD1B /* Resources */,
			);
			buildRules = (
			);
			dependencies = (
				502C30282249A0B800D8BD1B /* PBXTargetDependency */,
			);
			name = FourSquareUITests;
			productName = FourSquareUITests;
			productReference = 502C30262249A0B800D8BD1B /* FourSquareUITests.xctest */;
			productType = "com.apple.product-type.bundle.ui-testing";
		};
/* End PBXNativeTarget section */

/* Begin PBXProject section */
		502C2FFF2249A0B700D8BD1B /* Project object */ = {
			isa = PBXProject;
			attributes = {
				LastSwiftUpdateCheck = 1010;
				LastUpgradeCheck = 1010;
				ORGANIZATIONNAME = VanMoof;
				TargetAttributes = {
					502C30062249A0B700D8BD1B = {
						CreatedOnToolsVersion = 10.1;
					};
					502C301A2249A0B800D8BD1B = {
						CreatedOnToolsVersion = 10.1;
						TestTargetID = 502C30062249A0B700D8BD1B;
					};
					502C30252249A0B800D8BD1B = {
						CreatedOnToolsVersion = 10.1;
						TestTargetID = 502C30062249A0B700D8BD1B;
					};
				};
			};
			buildConfigurationList = 502C30022249A0B700D8BD1B /* Build configuration list for PBXProject "FourSquare" */;
			compatibilityVersion = "Xcode 9.3";
			developmentRegion = en;
			hasScannedForEncodings = 0;
			knownRegions = (
				en,
				Base,
			);
			mainGroup = 502C2FFE2249A0B700D8BD1B;
			productRefGroup = 502C30082249A0B700D8BD1B /* Products */;
			projectDirPath = "";
			projectRoot = "";
			targets = (
				502C30062249A0B700D8BD1B /* FourSquare */,
				502C301A2249A0B800D8BD1B /* FourSquareTests */,
				502C30252249A0B800D8BD1B /* FourSquareUITests */,
			);
		};
/* End PBXProject section */

/* Begin PBXResourcesBuildPhase section */
		502C30052249A0B700D8BD1B /* Resources */ = {
			isa = PBXResourcesBuildPhase;
			buildActionMask = 2147483647;
			files = (
				502C30152249A0B800D8BD1B /* LaunchScreen.storyboard in Resources */,
				502C30122249A0B800D8BD1B /* Assets.xcassets in Resources */,
				502C30102249A0B700D8BD1B /* Main.storyboard in Resources */,
			);
			runOnlyForDeploymentPostprocessing = 0;
		};
		502C30192249A0B800D8BD1B /* Resources */ = {
			isa = PBXResourcesBuildPhase;
			buildActionMask = 2147483647;
			files = (
			);
			runOnlyForDeploymentPostprocessing = 0;
		};
		502C30242249A0B800D8BD1B /* Resources */ = {
			isa = PBXResourcesBuildPhase;
			buildActionMask = 2147483647;
			files = (
			);
			runOnlyForDeploymentPostprocessing = 0;
		};
/* End PBXResourcesBuildPhase section */

/* Begin PBXShellScriptBuildPhase section */
		48BCE57FE4DA0BE1E681DFB0 /* [CP] Check Pods Manifest.lock */ = {
			isa = PBXShellScriptBuildPhase;
			buildActionMask = 2147483647;
			files = (
			);
			inputFileListPaths = (
			);
			inputPaths = (
				"${PODS_PODFILE_DIR_PATH}/Podfile.lock",
				"${PODS_ROOT}/Manifest.lock",
			);
			name = "[CP] Check Pods Manifest.lock";
			outputFileListPaths = (
			);
			outputPaths = (
				"$(DERIVED_FILE_DIR)/Pods-FourSquareUITests-checkManifestLockResult.txt",
			);
			runOnlyForDeploymentPostprocessing = 0;
			shellPath = /bin/sh;
			shellScript = "diff \"${PODS_PODFILE_DIR_PATH}/Podfile.lock\" \"${PODS_ROOT}/Manifest.lock\" > /dev/null\nif [ $? != 0 ] ; then\n    # print error to STDERR\n    echo \"error: The sandbox is not in sync with the Podfile.lock. Run 'pod install' or update your CocoaPods installation.\" >&2\n    exit 1\nfi\n# This output is used by Xcode 'outputs' to avoid re-running this script phase.\necho \"SUCCESS\" > \"${SCRIPT_OUTPUT_FILE_0}\"\n";
			showEnvVarsInLog = 0;
		};
		800141ADC2A4E336D89761D9 /* [CP] Embed Pods Frameworks */ = {
			isa = PBXShellScriptBuildPhase;
			buildActionMask = 2147483647;
			files = (
			);
			inputFileListPaths = (
			);
			inputPaths = (
				"${SRCROOT}/Pods/Target Support Files/Pods-FourSquare/Pods-FourSquare-frameworks.sh",
				"${BUILT_PRODUCTS_DIR}/Swinject/Swinject.framework",
			);
			name = "[CP] Embed Pods Frameworks";
			outputFileListPaths = (
			);
			outputPaths = (
				"${TARGET_BUILD_DIR}/${FRAMEWORKS_FOLDER_PATH}/Swinject.framework",
			);
			runOnlyForDeploymentPostprocessing = 0;
			shellPath = /bin/sh;
			shellScript = "\"${SRCROOT}/Pods/Target Support Files/Pods-FourSquare/Pods-FourSquare-frameworks.sh\"\n";
			showEnvVarsInLog = 0;
		};
		C7C0FC49F88E4B863A98DFC8 /* [CP] Check Pods Manifest.lock */ = {
			isa = PBXShellScriptBuildPhase;
			buildActionMask = 2147483647;
			files = (
			);
			inputFileListPaths = (
			);
			inputPaths = (
				"${PODS_PODFILE_DIR_PATH}/Podfile.lock",
				"${PODS_ROOT}/Manifest.lock",
			);
			name = "[CP] Check Pods Manifest.lock";
			outputFileListPaths = (
			);
			outputPaths = (
				"$(DERIVED_FILE_DIR)/Pods-FourSquareTests-checkManifestLockResult.txt",
			);
			runOnlyForDeploymentPostprocessing = 0;
			shellPath = /bin/sh;
			shellScript = "diff \"${PODS_PODFILE_DIR_PATH}/Podfile.lock\" \"${PODS_ROOT}/Manifest.lock\" > /dev/null\nif [ $? != 0 ] ; then\n    # print error to STDERR\n    echo \"error: The sandbox is not in sync with the Podfile.lock. Run 'pod install' or update your CocoaPods installation.\" >&2\n    exit 1\nfi\n# This output is used by Xcode 'outputs' to avoid re-running this script phase.\necho \"SUCCESS\" > \"${SCRIPT_OUTPUT_FILE_0}\"\n";
			showEnvVarsInLog = 0;
		};
		FD582604BE7A8FDAC929B287 /* [CP] Check Pods Manifest.lock */ = {
			isa = PBXShellScriptBuildPhase;
			buildActionMask = 2147483647;
			files = (
			);
			inputFileListPaths = (
			);
			inputPaths = (
				"${PODS_PODFILE_DIR_PATH}/Podfile.lock",
				"${PODS_ROOT}/Manifest.lock",
			);
			name = "[CP] Check Pods Manifest.lock";
			outputFileListPaths = (
			);
			outputPaths = (
				"$(DERIVED_FILE_DIR)/Pods-FourSquare-checkManifestLockResult.txt",
			);
			runOnlyForDeploymentPostprocessing = 0;
			shellPath = /bin/sh;
			shellScript = "diff \"${PODS_PODFILE_DIR_PATH}/Podfile.lock\" \"${PODS_ROOT}/Manifest.lock\" > /dev/null\nif [ $? != 0 ] ; then\n    # print error to STDERR\n    echo \"error: The sandbox is not in sync with the Podfile.lock. Run 'pod install' or update your CocoaPods installation.\" >&2\n    exit 1\nfi\n# This output is used by Xcode 'outputs' to avoid re-running this script phase.\necho \"SUCCESS\" > \"${SCRIPT_OUTPUT_FILE_0}\"\n";
			showEnvVarsInLog = 0;
		};
/* End PBXShellScriptBuildPhase section */

/* Begin PBXSourcesBuildPhase section */
		502C30032249A0B700D8BD1B /* Sources */ = {
			isa = PBXSourcesBuildPhase;
			buildActionMask = 2147483647;
			files = (
				502C30502249ABE000D8BD1B /* MapInteracting.swift in Sources */,
				5039305F2252B273004207C0 /* MapView.swift in Sources */,
				503930682252B3C4004207C0 /* Location.swift in Sources */,
				502C304E2249AB7400D8BD1B /* MapBuilder.swift in Sources */,
				503930642252B33D004207C0 /* Venue.swift in Sources */,
				502F44C32253EC2D0045C424 /* SharedContainer.swift in Sources */,
				502C300D2249A0B700D8BD1B /* ViewController.swift in Sources */,
				503930622252B2D1004207C0 /* MapViewModel.swift in Sources */,
				5039306C2252B412004207C0 /* Delivery.swift in Sources */,
				502C30522249AC0300D8BD1B /* MapInteractor.swift in Sources */,
				502C303F2249A89300D8BD1B /* MapViewController.swift in Sources */,
				502C30472249AA3B00D8BD1B /* MapPresenter.swift in Sources */,
				502C30542249B10500D8BD1B /* LocationService.swift in Sources */,
				5039306A2252B3EF004207C0 /* Category.swift in Sources */,
				502C304C2249AAEB00D8BD1B /* FourSquareModule.swift in Sources */,
				502C300B2249A0B700D8BD1B /* AppDelegate.swift in Sources */,
				503930662252B38E004207C0 /* Contact.swift in Sources */,
				502C30492249AA6100D8BD1B /* MapBuilding.swift in Sources */,
				502C30452249AA0B00D8BD1B /* MapPresenting.swift in Sources */,
			);
			runOnlyForDeploymentPostprocessing = 0;
		};
		502C30172249A0B800D8BD1B /* Sources */ = {
			isa = PBXSourcesBuildPhase;
			buildActionMask = 2147483647;
			files = (
				502C30202249A0B800D8BD1B /* FourSquareTests.swift in Sources */,
			);
			runOnlyForDeploymentPostprocessing = 0;
		};
		502C30222249A0B800D8BD1B /* Sources */ = {
			isa = PBXSourcesBuildPhase;
			buildActionMask = 2147483647;
			files = (
				502C302B2249A0B800D8BD1B /* FourSquareUITests.swift in Sources */,
			);
			runOnlyForDeploymentPostprocessing = 0;
		};
/* End PBXSourcesBuildPhase section */

/* Begin PBXTargetDependency section */
		502C301D2249A0B800D8BD1B /* PBXTargetDependency */ = {
			isa = PBXTargetDependency;
			target = 502C30062249A0B700D8BD1B /* FourSquare */;
			targetProxy = 502C301C2249A0B800D8BD1B /* PBXContainerItemProxy */;
		};
		502C30282249A0B800D8BD1B /* PBXTargetDependency */ = {
			isa = PBXTargetDependency;
			target = 502C30062249A0B700D8BD1B /* FourSquare */;
			targetProxy = 502C30272249A0B800D8BD1B /* PBXContainerItemProxy */;
		};
/* End PBXTargetDependency section */

/* Begin PBXVariantGroup section */
		502C300E2249A0B700D8BD1B /* Main.storyboard */ = {
			isa = PBXVariantGroup;
			children = (
				502C300F2249A0B700D8BD1B /* Base */,
			);
			name = Main.storyboard;
			sourceTree = "<group>";
		};
		502C30132249A0B800D8BD1B /* LaunchScreen.storyboard */ = {
			isa = PBXVariantGroup;
			children = (
				502C30142249A0B800D8BD1B /* Base */,
			);
			name = LaunchScreen.storyboard;
			sourceTree = "<group>";
		};
/* End PBXVariantGroup section */

/* Begin XCBuildConfiguration section */
		502C302D2249A0B800D8BD1B /* Debug */ = {
			isa = XCBuildConfiguration;
			buildSettings = {
				ALWAYS_SEARCH_USER_PATHS = NO;
				CLANG_ANALYZER_NONNULL = YES;
				CLANG_ANALYZER_NUMBER_OBJECT_CONVERSION = YES_AGGRESSIVE;
				CLANG_CXX_LANGUAGE_STANDARD = "gnu++14";
				CLANG_CXX_LIBRARY = "libc++";
				CLANG_ENABLE_MODULES = YES;
				CLANG_ENABLE_OBJC_ARC = YES;
				CLANG_ENABLE_OBJC_WEAK = YES;
				CLANG_WARN_BLOCK_CAPTURE_AUTORELEASING = YES;
				CLANG_WARN_BOOL_CONVERSION = YES;
				CLANG_WARN_COMMA = YES;
				CLANG_WARN_CONSTANT_CONVERSION = YES;
				CLANG_WARN_DEPRECATED_OBJC_IMPLEMENTATIONS = YES;
				CLANG_WARN_DIRECT_OBJC_ISA_USAGE = YES_ERROR;
				CLANG_WARN_DOCUMENTATION_COMMENTS = YES;
				CLANG_WARN_EMPTY_BODY = YES;
				CLANG_WARN_ENUM_CONVERSION = YES;
				CLANG_WARN_INFINITE_RECURSION = YES;
				CLANG_WARN_INT_CONVERSION = YES;
				CLANG_WARN_NON_LITERAL_NULL_CONVERSION = YES;
				CLANG_WARN_OBJC_IMPLICIT_RETAIN_SELF = YES;
				CLANG_WARN_OBJC_LITERAL_CONVERSION = YES;
				CLANG_WARN_OBJC_ROOT_CLASS = YES_ERROR;
				CLANG_WARN_RANGE_LOOP_ANALYSIS = YES;
				CLANG_WARN_STRICT_PROTOTYPES = YES;
				CLANG_WARN_SUSPICIOUS_MOVE = YES;
				CLANG_WARN_UNGUARDED_AVAILABILITY = YES_AGGRESSIVE;
				CLANG_WARN_UNREACHABLE_CODE = YES;
				CLANG_WARN__DUPLICATE_METHOD_MATCH = YES;
				CODE_SIGN_IDENTITY = "iPhone Developer";
				COPY_PHASE_STRIP = NO;
				DEBUG_INFORMATION_FORMAT = dwarf;
				ENABLE_STRICT_OBJC_MSGSEND = YES;
				ENABLE_TESTABILITY = YES;
				GCC_C_LANGUAGE_STANDARD = gnu11;
				GCC_DYNAMIC_NO_PIC = NO;
				GCC_NO_COMMON_BLOCKS = YES;
				GCC_OPTIMIZATION_LEVEL = 0;
				GCC_PREPROCESSOR_DEFINITIONS = (
					"DEBUG=1",
					"$(inherited)",
				);
				GCC_WARN_64_TO_32_BIT_CONVERSION = YES;
				GCC_WARN_ABOUT_RETURN_TYPE = YES_ERROR;
				GCC_WARN_UNDECLARED_SELECTOR = YES;
				GCC_WARN_UNINITIALIZED_AUTOS = YES_AGGRESSIVE;
				GCC_WARN_UNUSED_FUNCTION = YES;
				GCC_WARN_UNUSED_VARIABLE = YES;
				IPHONEOS_DEPLOYMENT_TARGET = 12.1;
				MTL_ENABLE_DEBUG_INFO = INCLUDE_SOURCE;
				MTL_FAST_MATH = YES;
				ONLY_ACTIVE_ARCH = YES;
				SDKROOT = iphoneos;
				SWIFT_ACTIVE_COMPILATION_CONDITIONS = DEBUG;
				SWIFT_OPTIMIZATION_LEVEL = "-Onone";
			};
			name = Debug;
		};
		502C302E2249A0B800D8BD1B /* Release */ = {
			isa = XCBuildConfiguration;
			buildSettings = {
				ALWAYS_SEARCH_USER_PATHS = NO;
				CLANG_ANALYZER_NONNULL = YES;
				CLANG_ANALYZER_NUMBER_OBJECT_CONVERSION = YES_AGGRESSIVE;
				CLANG_CXX_LANGUAGE_STANDARD = "gnu++14";
				CLANG_CXX_LIBRARY = "libc++";
				CLANG_ENABLE_MODULES = YES;
				CLANG_ENABLE_OBJC_ARC = YES;
				CLANG_ENABLE_OBJC_WEAK = YES;
				CLANG_WARN_BLOCK_CAPTURE_AUTORELEASING = YES;
				CLANG_WARN_BOOL_CONVERSION = YES;
				CLANG_WARN_COMMA = YES;
				CLANG_WARN_CONSTANT_CONVERSION = YES;
				CLANG_WARN_DEPRECATED_OBJC_IMPLEMENTATIONS = YES;
				CLANG_WARN_DIRECT_OBJC_ISA_USAGE = YES_ERROR;
				CLANG_WARN_DOCUMENTATION_COMMENTS = YES;
				CLANG_WARN_EMPTY_BODY = YES;
				CLANG_WARN_ENUM_CONVERSION = YES;
				CLANG_WARN_INFINITE_RECURSION = YES;
				CLANG_WARN_INT_CONVERSION = YES;
				CLANG_WARN_NON_LITERAL_NULL_CONVERSION = YES;
				CLANG_WARN_OBJC_IMPLICIT_RETAIN_SELF = YES;
				CLANG_WARN_OBJC_LITERAL_CONVERSION = YES;
				CLANG_WARN_OBJC_ROOT_CLASS = YES_ERROR;
				CLANG_WARN_RANGE_LOOP_ANALYSIS = YES;
				CLANG_WARN_STRICT_PROTOTYPES = YES;
				CLANG_WARN_SUSPICIOUS_MOVE = YES;
				CLANG_WARN_UNGUARDED_AVAILABILITY = YES_AGGRESSIVE;
				CLANG_WARN_UNREACHABLE_CODE = YES;
				CLANG_WARN__DUPLICATE_METHOD_MATCH = YES;
				CODE_SIGN_IDENTITY = "iPhone Developer";
				COPY_PHASE_STRIP = NO;
				DEBUG_INFORMATION_FORMAT = "dwarf-with-dsym";
				ENABLE_NS_ASSERTIONS = NO;
				ENABLE_STRICT_OBJC_MSGSEND = YES;
				GCC_C_LANGUAGE_STANDARD = gnu11;
				GCC_NO_COMMON_BLOCKS = YES;
				GCC_WARN_64_TO_32_BIT_CONVERSION = YES;
				GCC_WARN_ABOUT_RETURN_TYPE = YES_ERROR;
				GCC_WARN_UNDECLARED_SELECTOR = YES;
				GCC_WARN_UNINITIALIZED_AUTOS = YES_AGGRESSIVE;
				GCC_WARN_UNUSED_FUNCTION = YES;
				GCC_WARN_UNUSED_VARIABLE = YES;
				IPHONEOS_DEPLOYMENT_TARGET = 12.1;
				MTL_ENABLE_DEBUG_INFO = NO;
				MTL_FAST_MATH = YES;
				SDKROOT = iphoneos;
				SWIFT_COMPILATION_MODE = wholemodule;
				SWIFT_OPTIMIZATION_LEVEL = "-O";
				VALIDATE_PRODUCT = YES;
			};
			name = Release;
		};
		502C30302249A0B800D8BD1B /* Debug */ = {
			isa = XCBuildConfiguration;
			baseConfigurationReference = 876A027202A79618D172F591 /* Pods-FourSquare.debug.xcconfig */;
			buildSettings = {
				ASSETCATALOG_COMPILER_APPICON_NAME = AppIcon;
				CODE_SIGN_STYLE = Automatic;
				DEVELOPMENT_TEAM = 7U7YW5472M;
				INFOPLIST_FILE = FourSquare/Info.plist;
				LD_RUNPATH_SEARCH_PATHS = (
					"$(inherited)",
					"@executable_path/Frameworks",
				);
				PRODUCT_BUNDLE_IDENTIFIER = com.smapps.FourSquare;
				PRODUCT_NAME = "$(TARGET_NAME)";
				SWIFT_VERSION = 4.2;
				TARGETED_DEVICE_FAMILY = "1,2";
			};
			name = Debug;
		};
		502C30312249A0B800D8BD1B /* Release */ = {
			isa = XCBuildConfiguration;
			baseConfigurationReference = CAF6AA7AA62876277274E4DB /* Pods-FourSquare.release.xcconfig */;
			buildSettings = {
				ASSETCATALOG_COMPILER_APPICON_NAME = AppIcon;
				CODE_SIGN_STYLE = Automatic;
				DEVELOPMENT_TEAM = 7U7YW5472M;
				INFOPLIST_FILE = FourSquare/Info.plist;
				LD_RUNPATH_SEARCH_PATHS = (
					"$(inherited)",
					"@executable_path/Frameworks",
				);
				PRODUCT_BUNDLE_IDENTIFIER = com.smapps.FourSquare;
				PRODUCT_NAME = "$(TARGET_NAME)";
				SWIFT_VERSION = 4.2;
				TARGETED_DEVICE_FAMILY = "1,2";
			};
			name = Release;
		};
		502C30332249A0B800D8BD1B /* Debug */ = {
			isa = XCBuildConfiguration;
			baseConfigurationReference = 7793C6D2AD59D4225EAF6BE7 /* Pods-FourSquareTests.debug.xcconfig */;
			buildSettings = {
				ALWAYS_EMBED_SWIFT_STANDARD_LIBRARIES = YES;
				BUNDLE_LOADER = "$(TEST_HOST)";
				CODE_SIGN_STYLE = Automatic;
				DEVELOPMENT_TEAM = 7U7YW5472M;
				INFOPLIST_FILE = FourSquareTests/Info.plist;
				LD_RUNPATH_SEARCH_PATHS = (
					"$(inherited)",
					"@executable_path/Frameworks",
					"@loader_path/Frameworks",
				);
				PRODUCT_BUNDLE_IDENTIFIER = com.smapps.FourSquareTests;
				PRODUCT_NAME = "$(TARGET_NAME)";
				SWIFT_VERSION = 4.2;
				TARGETED_DEVICE_FAMILY = "1,2";
				TEST_HOST = "$(BUILT_PRODUCTS_DIR)/FourSquare.app/FourSquare";
			};
			name = Debug;
		};
		502C30342249A0B800D8BD1B /* Release */ = {
			isa = XCBuildConfiguration;
			baseConfigurationReference = B98EE83AEF1BE72F3522ED3C /* Pods-FourSquareTests.release.xcconfig */;
			buildSettings = {
				ALWAYS_EMBED_SWIFT_STANDARD_LIBRARIES = YES;
				BUNDLE_LOADER = "$(TEST_HOST)";
				CODE_SIGN_STYLE = Automatic;
				DEVELOPMENT_TEAM = 7U7YW5472M;
				INFOPLIST_FILE = FourSquareTests/Info.plist;
				LD_RUNPATH_SEARCH_PATHS = (
					"$(inherited)",
					"@executable_path/Frameworks",
					"@loader_path/Frameworks",
				);
				PRODUCT_BUNDLE_IDENTIFIER = com.smapps.FourSquareTests;
				PRODUCT_NAME = "$(TARGET_NAME)";
				SWIFT_VERSION = 4.2;
				TARGETED_DEVICE_FAMILY = "1,2";
				TEST_HOST = "$(BUILT_PRODUCTS_DIR)/FourSquare.app/FourSquare";
			};
			name = Release;
		};
		502C30362249A0B800D8BD1B /* Debug */ = {
			isa = XCBuildConfiguration;
			baseConfigurationReference = B437162E498B6CF53B8E2FAE /* Pods-FourSquareUITests.debug.xcconfig */;
			buildSettings = {
				ALWAYS_EMBED_SWIFT_STANDARD_LIBRARIES = YES;
				CODE_SIGN_STYLE = Automatic;
				DEVELOPMENT_TEAM = 7U7YW5472M;
				INFOPLIST_FILE = FourSquareUITests/Info.plist;
				LD_RUNPATH_SEARCH_PATHS = (
					"$(inherited)",
					"@executable_path/Frameworks",
					"@loader_path/Frameworks",
				);
				PRODUCT_BUNDLE_IDENTIFIER = com.smapps.FourSquareUITests;
				PRODUCT_NAME = "$(TARGET_NAME)";
				SWIFT_VERSION = 4.2;
				TARGETED_DEVICE_FAMILY = "1,2";
				TEST_TARGET_NAME = FourSquare;
			};
			name = Debug;
		};
		502C30372249A0B800D8BD1B /* Release */ = {
			isa = XCBuildConfiguration;
			baseConfigurationReference = 044EEB7D3B73C0395AB35F7E /* Pods-FourSquareUITests.release.xcconfig */;
			buildSettings = {
				ALWAYS_EMBED_SWIFT_STANDARD_LIBRARIES = YES;
				CODE_SIGN_STYLE = Automatic;
				DEVELOPMENT_TEAM = 7U7YW5472M;
				INFOPLIST_FILE = FourSquareUITests/Info.plist;
				LD_RUNPATH_SEARCH_PATHS = (
					"$(inherited)",
					"@executable_path/Frameworks",
					"@loader_path/Frameworks",
				);
				PRODUCT_BUNDLE_IDENTIFIER = com.smapps.FourSquareUITests;
				PRODUCT_NAME = "$(TARGET_NAME)";
				SWIFT_VERSION = 4.2;
				TARGETED_DEVICE_FAMILY = "1,2";
				TEST_TARGET_NAME = FourSquare;
			};
			name = Release;
		};
/* End XCBuildConfiguration section */

/* Begin XCConfigurationList section */
		502C30022249A0B700D8BD1B /* Build configuration list for PBXProject "FourSquare" */ = {
			isa = XCConfigurationList;
			buildConfigurations = (
				502C302D2249A0B800D8BD1B /* Debug */,
				502C302E2249A0B800D8BD1B /* Release */,
			);
			defaultConfigurationIsVisible = 0;
			defaultConfigurationName = Release;
		};
		502C302F2249A0B800D8BD1B /* Build configuration list for PBXNativeTarget "FourSquare" */ = {
			isa = XCConfigurationList;
			buildConfigurations = (
				502C30302249A0B800D8BD1B /* Debug */,
				502C30312249A0B800D8BD1B /* Release */,
			);
			defaultConfigurationIsVisible = 0;
			defaultConfigurationName = Release;
		};
		502C30322249A0B800D8BD1B /* Build configuration list for PBXNativeTarget "FourSquareTests" */ = {
			isa = XCConfigurationList;
			buildConfigurations = (
				502C30332249A0B800D8BD1B /* Debug */,
				502C30342249A0B800D8BD1B /* Release */,
			);
			defaultConfigurationIsVisible = 0;
			defaultConfigurationName = Release;
		};
		502C30352249A0B800D8BD1B /* Build configuration list for PBXNativeTarget "FourSquareUITests" */ = {
			isa = XCConfigurationList;
			buildConfigurations = (
				502C30362249A0B800D8BD1B /* Debug */,
				502C30372249A0B800D8BD1B /* Release */,
			);
			defaultConfigurationIsVisible = 0;
			defaultConfigurationName = Release;
		};
/* End XCConfigurationList section */
	};
	rootObject = 502C2FFF2249A0B700D8BD1B /* Project object */;
}
